// !$*UTF8*$!
{
	archiveVersion = 1;
	classes = {
	};
	objectVersion = 56;
	objects = {

/* Begin PBXBuildFile section */
		C81E927D2B2DCD0200F4ED9E /* UserPreferences.swift in Sources */ = {isa = PBXBuildFile; fileRef = C81E927C2B2DCD0200F4ED9E /* UserPreferences.swift */; };
		C82039AE2B1CABE4000EEF61 /* PhayarSarApp.swift in Sources */ = {isa = PBXBuildFile; fileRef = C82039AD2B1CABE4000EEF61 /* PhayarSarApp.swift */; };
		C82039B02B1CABE4000EEF61 /* ContentView.swift in Sources */ = {isa = PBXBuildFile; fileRef = C82039AF2B1CABE4000EEF61 /* ContentView.swift */; };
		C82039B22B1CABE6000EEF61 /* Assets.xcassets in Resources */ = {isa = PBXBuildFile; fileRef = C82039B12B1CABE6000EEF61 /* Assets.xcassets */; };
		C82039B52B1CABE6000EEF61 /* Preview Assets.xcassets in Resources */ = {isa = PBXBuildFile; fileRef = C82039B42B1CABE6000EEF61 /* Preview Assets.xcassets */; };
		C82039BF2B1CABE6000EEF61 /* PhayarSarTests.swift in Sources */ = {isa = PBXBuildFile; fileRef = C82039BE2B1CABE6000EEF61 /* PhayarSarTests.swift */; };
		C82039C92B1CABE6000EEF61 /* PhayarSarUITests.swift in Sources */ = {isa = PBXBuildFile; fileRef = C82039C82B1CABE6000EEF61 /* PhayarSarUITests.swift */; };
		C82039CB2B1CABE6000EEF61 /* PhayarSarUITestsLaunchTests.swift in Sources */ = {isa = PBXBuildFile; fileRef = C82039CA2B1CABE6000EEF61 /* PhayarSarUITestsLaunchTests.swift */; };
		C82039DA2B1CC30A000EEF61 /* OnboardingScreen.swift in Sources */ = {isa = PBXBuildFile; fileRef = C82039D92B1CC30A000EEF61 /* OnboardingScreen.swift */; };
		C82039E02B1CC4B7000EEF61 /* Quicksand-Regular.ttf in Resources */ = {isa = PBXBuildFile; fileRef = C82039DD2B1CC4B7000EEF61 /* Quicksand-Regular.ttf */; };
		C82039E12B1CC4B7000EEF61 /* Quicksand-SemiBold.ttf in Resources */ = {isa = PBXBuildFile; fileRef = C82039DE2B1CC4B7000EEF61 /* Quicksand-SemiBold.ttf */; };
		C82039E22B1CC4B7000EEF61 /* Quicksand-Bold.ttf in Resources */ = {isa = PBXBuildFile; fileRef = C82039DF2B1CC4B7000EEF61 /* Quicksand-Bold.ttf */; };
		C82039E42B1CC4D6000EEF61 /* DMSerifDisplay-Regular.ttf in Resources */ = {isa = PBXBuildFile; fileRef = C82039E32B1CC4D6000EEF61 /* DMSerifDisplay-Regular.ttf */; };
		C82039E92B1CC653000EEF61 /* Font+CustomFonts.swift in Sources */ = {isa = PBXBuildFile; fileRef = C82039E82B1CC653000EEF61 /* Font+CustomFonts.swift */; };
		C82039EB2B1CCB6D000EEF61 /* Color+CustomColors.swift in Sources */ = {isa = PBXBuildFile; fileRef = C82039EA2B1CCB6D000EEF61 /* Color+CustomColors.swift */; };
		C82039EF2B1CCCAF000EEF61 /* AppBtnFilled.swift in Sources */ = {isa = PBXBuildFile; fileRef = C82039EE2B1CCCAF000EEF61 /* AppBtnFilled.swift */; };
		C82039F22B1CCF13000EEF61 /* SwiftUIBackports in Frameworks */ = {isa = PBXBuildFile; productRef = C82039F12B1CCF13000EEF61 /* SwiftUIBackports */; };
		C82039F52B1CD2C0000EEF61 /* Defaults.swift in Sources */ = {isa = PBXBuildFile; fileRef = C82039F42B1CD2C0000EEF61 /* Defaults.swift */; };
		C82039F72B1CDB4F000EEF61 /* NatPint.json in Resources */ = {isa = PBXBuildFile; fileRef = C82039F62B1CDB4F000EEF61 /* NatPint.json */; };
		C82039FA2B1CE1C7000EEF61 /* NatPintVO.swift in Sources */ = {isa = PBXBuildFile; fileRef = C82039F92B1CE1C7000EEF61 /* NatPintVO.swift */; };
		C82039FC2B1CE2B4000EEF61 /* Bundle+Decode.swift in Sources */ = {isa = PBXBuildFile; fileRef = C82039FB2B1CE2B4000EEF61 /* Bundle+Decode.swift */; };
		C83E27F02B2DDAB20038EDF1 /* LocalizedText.swift in Sources */ = {isa = PBXBuildFile; fileRef = C83E27EF2B2DDAB20038EDF1 /* LocalizedText.swift */; };
		C83E27F22B2DDACC0038EDF1 /* LocalizedNavTitle.swift in Sources */ = {isa = PBXBuildFile; fileRef = C83E27F12B2DDACC0038EDF1 /* LocalizedNavTitle.swift */; };
		C83E27F42B2DDC9B0038EDF1 /* LocalizedButton.swift in Sources */ = {isa = PBXBuildFile; fileRef = C83E27F32B2DDC9B0038EDF1 /* LocalizedButton.swift */; };
		C84240BC2B2DD29300A2B234 /* Language.json in Resources */ = {isa = PBXBuildFile; fileRef = C84240BB2B2DD29300A2B234 /* Language.json */; };
		C84240BE2B2DD31700A2B234 /* LocalizedComponents.swift in Sources */ = {isa = PBXBuildFile; fileRef = C84240BD2B2DD31700A2B234 /* LocalizedComponents.swift */; };
		C84240C02B2DD34900A2B234 /* LocalizedKey.swift in Sources */ = {isa = PBXBuildFile; fileRef = C84240BF2B2DD34900A2B234 /* LocalizedKey.swift */; };
		C84626B52B222B6B000931AE /* HomeScreen.swift in Sources */ = {isa = PBXBuildFile; fileRef = C84626B42B222B6B000931AE /* HomeScreen.swift */; };
		C8AAE0182B2D784900BE54CA /* ChooseLanguageScreen.swift in Sources */ = {isa = PBXBuildFile; fileRef = C8AAE0172B2D784900BE54CA /* ChooseLanguageScreen.swift */; };
		C8AAE01A2B2D7B5F00BE54CA /* AppLanguage.swift in Sources */ = {isa = PBXBuildFile; fileRef = C8AAE0192B2D7B5F00BE54CA /* AppLanguage.swift */; };
		C8AAE01C2B2D7D4B00BE54CA /* UserDefaults.swift in Sources */ = {isa = PBXBuildFile; fileRef = C8AAE01B2B2D7D4B00BE54CA /* UserDefaults.swift */; };
		C8AAE01E2B2DB84200BE54CA /* Optional.swift in Sources */ = {isa = PBXBuildFile; fileRef = C8AAE01D2B2DB84200BE54CA /* Optional.swift */; };
/* End PBXBuildFile section */

/* Begin PBXContainerItemProxy section */
		C82039BB2B1CABE6000EEF61 /* PBXContainerItemProxy */ = {
			isa = PBXContainerItemProxy;
			containerPortal = C82039A22B1CABE4000EEF61 /* Project object */;
			proxyType = 1;
			remoteGlobalIDString = C82039A92B1CABE4000EEF61;
			remoteInfo = PhayarSar;
		};
		C82039C52B1CABE6000EEF61 /* PBXContainerItemProxy */ = {
			isa = PBXContainerItemProxy;
			containerPortal = C82039A22B1CABE4000EEF61 /* Project object */;
			proxyType = 1;
			remoteGlobalIDString = C82039A92B1CABE4000EEF61;
			remoteInfo = PhayarSar;
		};
/* End PBXContainerItemProxy section */

/* Begin PBXFileReference section */
		C81E927C2B2DCD0200F4ED9E /* UserPreferences.swift */ = {isa = PBXFileReference; lastKnownFileType = sourcecode.swift; path = UserPreferences.swift; sourceTree = "<group>"; };
		C82039AA2B1CABE4000EEF61 /* PhayarSar.app */ = {isa = PBXFileReference; explicitFileType = wrapper.application; includeInIndex = 0; path = PhayarSar.app; sourceTree = BUILT_PRODUCTS_DIR; };
		C82039AD2B1CABE4000EEF61 /* PhayarSarApp.swift */ = {isa = PBXFileReference; lastKnownFileType = sourcecode.swift; path = PhayarSarApp.swift; sourceTree = "<group>"; };
		C82039AF2B1CABE4000EEF61 /* ContentView.swift */ = {isa = PBXFileReference; lastKnownFileType = sourcecode.swift; path = ContentView.swift; sourceTree = "<group>"; };
		C82039B12B1CABE6000EEF61 /* Assets.xcassets */ = {isa = PBXFileReference; lastKnownFileType = folder.assetcatalog; path = Assets.xcassets; sourceTree = "<group>"; };
		C82039B42B1CABE6000EEF61 /* Preview Assets.xcassets */ = {isa = PBXFileReference; lastKnownFileType = folder.assetcatalog; path = "Preview Assets.xcassets"; sourceTree = "<group>"; };
		C82039BA2B1CABE6000EEF61 /* PhayarSarTests.xctest */ = {isa = PBXFileReference; explicitFileType = wrapper.cfbundle; includeInIndex = 0; path = PhayarSarTests.xctest; sourceTree = BUILT_PRODUCTS_DIR; };
		C82039BE2B1CABE6000EEF61 /* PhayarSarTests.swift */ = {isa = PBXFileReference; lastKnownFileType = sourcecode.swift; path = PhayarSarTests.swift; sourceTree = "<group>"; };
		C82039C42B1CABE6000EEF61 /* PhayarSarUITests.xctest */ = {isa = PBXFileReference; explicitFileType = wrapper.cfbundle; includeInIndex = 0; path = PhayarSarUITests.xctest; sourceTree = BUILT_PRODUCTS_DIR; };
		C82039C82B1CABE6000EEF61 /* PhayarSarUITests.swift */ = {isa = PBXFileReference; lastKnownFileType = sourcecode.swift; path = PhayarSarUITests.swift; sourceTree = "<group>"; };
		C82039CA2B1CABE6000EEF61 /* PhayarSarUITestsLaunchTests.swift */ = {isa = PBXFileReference; lastKnownFileType = sourcecode.swift; path = PhayarSarUITestsLaunchTests.swift; sourceTree = "<group>"; };
		C82039D92B1CC30A000EEF61 /* OnboardingScreen.swift */ = {isa = PBXFileReference; lastKnownFileType = sourcecode.swift; path = OnboardingScreen.swift; sourceTree = "<group>"; };
		C82039DD2B1CC4B7000EEF61 /* Quicksand-Regular.ttf */ = {isa = PBXFileReference; lastKnownFileType = file; path = "Quicksand-Regular.ttf"; sourceTree = "<group>"; };
		C82039DE2B1CC4B7000EEF61 /* Quicksand-SemiBold.ttf */ = {isa = PBXFileReference; lastKnownFileType = file; path = "Quicksand-SemiBold.ttf"; sourceTree = "<group>"; };
		C82039DF2B1CC4B7000EEF61 /* Quicksand-Bold.ttf */ = {isa = PBXFileReference; lastKnownFileType = file; path = "Quicksand-Bold.ttf"; sourceTree = "<group>"; };
		C82039E32B1CC4D6000EEF61 /* DMSerifDisplay-Regular.ttf */ = {isa = PBXFileReference; lastKnownFileType = file; path = "DMSerifDisplay-Regular.ttf"; sourceTree = "<group>"; };
		C82039E52B1CC508000EEF61 /* Info.plist */ = {isa = PBXFileReference; lastKnownFileType = text.plist; path = Info.plist; sourceTree = "<group>"; };
		C82039E82B1CC653000EEF61 /* Font+CustomFonts.swift */ = {isa = PBXFileReference; lastKnownFileType = sourcecode.swift; path = "Font+CustomFonts.swift"; sourceTree = "<group>"; };
		C82039EA2B1CCB6D000EEF61 /* Color+CustomColors.swift */ = {isa = PBXFileReference; lastKnownFileType = sourcecode.swift; path = "Color+CustomColors.swift"; sourceTree = "<group>"; };
		C82039EE2B1CCCAF000EEF61 /* AppBtnFilled.swift */ = {isa = PBXFileReference; lastKnownFileType = sourcecode.swift; path = AppBtnFilled.swift; sourceTree = "<group>"; };
		C82039F42B1CD2C0000EEF61 /* Defaults.swift */ = {isa = PBXFileReference; lastKnownFileType = sourcecode.swift; path = Defaults.swift; sourceTree = "<group>"; };
		C82039F62B1CDB4F000EEF61 /* NatPint.json */ = {isa = PBXFileReference; lastKnownFileType = text.json; path = NatPint.json; sourceTree = "<group>"; };
		C82039F92B1CE1C7000EEF61 /* NatPintVO.swift */ = {isa = PBXFileReference; lastKnownFileType = sourcecode.swift; path = NatPintVO.swift; sourceTree = "<group>"; };
		C82039FB2B1CE2B4000EEF61 /* Bundle+Decode.swift */ = {isa = PBXFileReference; lastKnownFileType = sourcecode.swift; path = "Bundle+Decode.swift"; sourceTree = "<group>"; };
		C83E27EF2B2DDAB20038EDF1 /* LocalizedText.swift */ = {isa = PBXFileReference; lastKnownFileType = sourcecode.swift; path = LocalizedText.swift; sourceTree = "<group>"; };
		C83E27F12B2DDACC0038EDF1 /* LocalizedNavTitle.swift */ = {isa = PBXFileReference; lastKnownFileType = sourcecode.swift; path = LocalizedNavTitle.swift; sourceTree = "<group>"; };
		C83E27F32B2DDC9B0038EDF1 /* LocalizedButton.swift */ = {isa = PBXFileReference; lastKnownFileType = sourcecode.swift; path = LocalizedButton.swift; sourceTree = "<group>"; };
		C84240BB2B2DD29300A2B234 /* Language.json */ = {isa = PBXFileReference; lastKnownFileType = text.json; path = Language.json; sourceTree = "<group>"; };
		C84240BD2B2DD31700A2B234 /* LocalizedComponents.swift */ = {isa = PBXFileReference; lastKnownFileType = sourcecode.swift; path = LocalizedComponents.swift; sourceTree = "<group>"; };
		C84240BF2B2DD34900A2B234 /* LocalizedKey.swift */ = {isa = PBXFileReference; lastKnownFileType = sourcecode.swift; path = LocalizedKey.swift; sourceTree = "<group>"; };
		C84626B42B222B6B000931AE /* HomeScreen.swift */ = {isa = PBXFileReference; lastKnownFileType = sourcecode.swift; path = HomeScreen.swift; sourceTree = "<group>"; };
		C8AAE0172B2D784900BE54CA /* ChooseLanguageScreen.swift */ = {isa = PBXFileReference; lastKnownFileType = sourcecode.swift; path = ChooseLanguageScreen.swift; sourceTree = "<group>"; };
		C8AAE0192B2D7B5F00BE54CA /* AppLanguage.swift */ = {isa = PBXFileReference; lastKnownFileType = sourcecode.swift; path = AppLanguage.swift; sourceTree = "<group>"; };
		C8AAE01B2B2D7D4B00BE54CA /* UserDefaults.swift */ = {isa = PBXFileReference; lastKnownFileType = sourcecode.swift; path = UserDefaults.swift; sourceTree = "<group>"; };
		C8AAE01D2B2DB84200BE54CA /* Optional.swift */ = {isa = PBXFileReference; lastKnownFileType = sourcecode.swift; path = Optional.swift; sourceTree = "<group>"; };
/* End PBXFileReference section */

/* Begin PBXFrameworksBuildPhase section */
		C82039A72B1CABE4000EEF61 /* Frameworks */ = {
			isa = PBXFrameworksBuildPhase;
			buildActionMask = 2147483647;
			files = (
				C82039F22B1CCF13000EEF61 /* SwiftUIBackports in Frameworks */,
			);
			runOnlyForDeploymentPostprocessing = 0;
		};
		C82039B72B1CABE6000EEF61 /* Frameworks */ = {
			isa = PBXFrameworksBuildPhase;
			buildActionMask = 2147483647;
			files = (
			);
			runOnlyForDeploymentPostprocessing = 0;
		};
		C82039C12B1CABE6000EEF61 /* Frameworks */ = {
			isa = PBXFrameworksBuildPhase;
			buildActionMask = 2147483647;
			files = (
			);
			runOnlyForDeploymentPostprocessing = 0;
		};
/* End PBXFrameworksBuildPhase section */

/* Begin PBXGroup section */
		C81E927B2B2DC94C00F4ED9E /* Managers */ = {
			isa = PBXGroup;
			children = (
				C81E927C2B2DCD0200F4ED9E /* UserPreferences.swift */,
			);
			path = Managers;
			sourceTree = "<group>";
		};
		C81E927E2B2DCDAD00F4ED9E /* Models */ = {
			isa = PBXGroup;
			children = (
				C8AAE0192B2D7B5F00BE54CA /* AppLanguage.swift */,
			);
			path = Models;
			sourceTree = "<group>";
		};
		C82039A12B1CABE4000EEF61 = {
			isa = PBXGroup;
			children = (
				C82039AC2B1CABE4000EEF61 /* PhayarSar */,
				C82039BD2B1CABE6000EEF61 /* PhayarSarTests */,
				C82039C72B1CABE6000EEF61 /* PhayarSarUITests */,
				C82039AB2B1CABE4000EEF61 /* Products */,
			);
			sourceTree = "<group>";
		};
		C82039AB2B1CABE4000EEF61 /* Products */ = {
			isa = PBXGroup;
			children = (
				C82039AA2B1CABE4000EEF61 /* PhayarSar.app */,
				C82039BA2B1CABE6000EEF61 /* PhayarSarTests.xctest */,
				C82039C42B1CABE6000EEF61 /* PhayarSarUITests.xctest */,
			);
			name = Products;
			sourceTree = "<group>";
		};
		C82039AC2B1CABE4000EEF61 /* PhayarSar */ = {
			isa = PBXGroup;
			children = (
				C82039AF2B1CABE4000EEF61 /* ContentView.swift */,
				C82039AD2B1CABE4000EEF61 /* PhayarSarApp.swift */,
				C81E927E2B2DCDAD00F4ED9E /* Models */,
				C81E927B2B2DC94C00F4ED9E /* Managers */,
				C82039F82B1CE1B3000EEF61 /* ValueObjects */,
				C82039ED2B1CCCA1000EEF61 /* Components */,
				C82039F32B1CD2B7000EEF61 /* Persistence */,
				C82039E62B1CC63D000EEF61 /* Utils */,
				C82039D72B1CC2E9000EEF61 /* Features */,
				C82039DB2B1CC48C000EEF61 /* Resources */,
				C82039E52B1CC508000EEF61 /* Info.plist */,
				C82039B32B1CABE6000EEF61 /* Preview Content */,
			);
			path = PhayarSar;
			sourceTree = "<group>";
		};
		C82039B32B1CABE6000EEF61 /* Preview Content */ = {
			isa = PBXGroup;
			children = (
				C82039B42B1CABE6000EEF61 /* Preview Assets.xcassets */,
			);
			path = "Preview Content";
			sourceTree = "<group>";
		};
		C82039BD2B1CABE6000EEF61 /* PhayarSarTests */ = {
			isa = PBXGroup;
			children = (
				C82039BE2B1CABE6000EEF61 /* PhayarSarTests.swift */,
			);
			path = PhayarSarTests;
			sourceTree = "<group>";
		};
		C82039C72B1CABE6000EEF61 /* PhayarSarUITests */ = {
			isa = PBXGroup;
			children = (
				C82039C82B1CABE6000EEF61 /* PhayarSarUITests.swift */,
				C82039CA2B1CABE6000EEF61 /* PhayarSarUITestsLaunchTests.swift */,
			);
			path = PhayarSarUITests;
			sourceTree = "<group>";
		};
		C82039D72B1CC2E9000EEF61 /* Features */ = {
			isa = PBXGroup;
			children = (
				C8AAE0162B2D783D00BE54CA /* ChooseLangauge */,
				C82039D82B1CC2F3000EEF61 /* Onboarding */,
				C84626B32B222B57000931AE /* Home */,
			);
			path = Features;
			sourceTree = "<group>";
		};
		C82039D82B1CC2F3000EEF61 /* Onboarding */ = {
			isa = PBXGroup;
			children = (
				C82039D92B1CC30A000EEF61 /* OnboardingScreen.swift */,
			);
			path = Onboarding;
			sourceTree = "<group>";
		};
		C82039DB2B1CC48C000EEF61 /* Resources */ = {
			isa = PBXGroup;
			children = (
				C82039DC2B1CC499000EEF61 /* Fonts */,
				C82039B12B1CABE6000EEF61 /* Assets.xcassets */,
				C82039F62B1CDB4F000EEF61 /* NatPint.json */,
				C84240BB2B2DD29300A2B234 /* Language.json */,
			);
			path = Resources;
			sourceTree = "<group>";
		};
		C82039DC2B1CC499000EEF61 /* Fonts */ = {
			isa = PBXGroup;
			children = (
				C82039E32B1CC4D6000EEF61 /* DMSerifDisplay-Regular.ttf */,
				C82039DF2B1CC4B7000EEF61 /* Quicksand-Bold.ttf */,
				C82039DD2B1CC4B7000EEF61 /* Quicksand-Regular.ttf */,
				C82039DE2B1CC4B7000EEF61 /* Quicksand-SemiBold.ttf */,
			);
			path = Fonts;
			sourceTree = "<group>";
		};
		C82039E62B1CC63D000EEF61 /* Utils */ = {
			isa = PBXGroup;
			children = (
				C83E27EE2B2DDAA60038EDF1 /* Localization */,
				C82039E72B1CC64A000EEF61 /* Extensions */,
			);
			path = Utils;
			sourceTree = "<group>";
		};
		C82039E72B1CC64A000EEF61 /* Extensions */ = {
			isa = PBXGroup;
			children = (
				C82039E82B1CC653000EEF61 /* Font+CustomFonts.swift */,
				C82039EA2B1CCB6D000EEF61 /* Color+CustomColors.swift */,
				C82039FB2B1CE2B4000EEF61 /* Bundle+Decode.swift */,
				C8AAE01B2B2D7D4B00BE54CA /* UserDefaults.swift */,
				C8AAE01D2B2DB84200BE54CA /* Optional.swift */,
			);
			path = Extensions;
			sourceTree = "<group>";
		};
		C82039ED2B1CCCA1000EEF61 /* Components */ = {
			isa = PBXGroup;
			children = (
				C82039EE2B1CCCAF000EEF61 /* AppBtnFilled.swift */,
			);
			path = Components;
			sourceTree = "<group>";
		};
		C82039F32B1CD2B7000EEF61 /* Persistence */ = {
			isa = PBXGroup;
			children = (
				C82039F42B1CD2C0000EEF61 /* Defaults.swift */,
			);
			path = Persistence;
			sourceTree = "<group>";
		};
		C82039F82B1CE1B3000EEF61 /* ValueObjects */ = {
			isa = PBXGroup;
			children = (
				C82039F92B1CE1C7000EEF61 /* NatPintVO.swift */,
			);
			path = ValueObjects;
			sourceTree = "<group>";
		};
		C83E27EE2B2DDAA60038EDF1 /* Localization */ = {
			isa = PBXGroup;
			children = (
				C84240BF2B2DD34900A2B234 /* LocalizedKey.swift */,
				C83E27EF2B2DDAB20038EDF1 /* LocalizedText.swift */,
				C83E27F32B2DDC9B0038EDF1 /* LocalizedButton.swift */,
				C83E27F12B2DDACC0038EDF1 /* LocalizedNavTitle.swift */,
				C84240BD2B2DD31700A2B234 /* LocalizedComponents.swift */,
			);
			path = Localization;
			sourceTree = "<group>";
		};
		C84626B32B222B57000931AE /* Home */ = {
			isa = PBXGroup;
			children = (
				C84626B42B222B6B000931AE /* HomeScreen.swift */,
			);
			path = Home;
			sourceTree = "<group>";
		};
		C8AAE0162B2D783D00BE54CA /* ChooseLangauge */ = {
			isa = PBXGroup;
			children = (
				C8AAE0172B2D784900BE54CA /* ChooseLanguageScreen.swift */,
			);
			path = ChooseLangauge;
			sourceTree = "<group>";
		};
/* End PBXGroup section */

/* Begin PBXNativeTarget section */
		C82039A92B1CABE4000EEF61 /* PhayarSar */ = {
			isa = PBXNativeTarget;
			buildConfigurationList = C82039CE2B1CABE6000EEF61 /* Build configuration list for PBXNativeTarget "PhayarSar" */;
			buildPhases = (
				C82039A62B1CABE4000EEF61 /* Sources */,
				C82039A72B1CABE4000EEF61 /* Frameworks */,
				C82039A82B1CABE4000EEF61 /* Resources */,
			);
			buildRules = (
			);
			dependencies = (
			);
			name = PhayarSar;
			packageProductDependencies = (
				C82039F12B1CCF13000EEF61 /* SwiftUIBackports */,
			);
			productName = PhayarSar;
			productReference = C82039AA2B1CABE4000EEF61 /* PhayarSar.app */;
			productType = "com.apple.product-type.application";
		};
		C82039B92B1CABE6000EEF61 /* PhayarSarTests */ = {
			isa = PBXNativeTarget;
			buildConfigurationList = C82039D12B1CABE6000EEF61 /* Build configuration list for PBXNativeTarget "PhayarSarTests" */;
			buildPhases = (
				C82039B62B1CABE6000EEF61 /* Sources */,
				C82039B72B1CABE6000EEF61 /* Frameworks */,
				C82039B82B1CABE6000EEF61 /* Resources */,
			);
			buildRules = (
			);
			dependencies = (
				C82039BC2B1CABE6000EEF61 /* PBXTargetDependency */,
			);
			name = PhayarSarTests;
			productName = PhayarSarTests;
			productReference = C82039BA2B1CABE6000EEF61 /* PhayarSarTests.xctest */;
			productType = "com.apple.product-type.bundle.unit-test";
		};
		C82039C32B1CABE6000EEF61 /* PhayarSarUITests */ = {
			isa = PBXNativeTarget;
			buildConfigurationList = C82039D42B1CABE6000EEF61 /* Build configuration list for PBXNativeTarget "PhayarSarUITests" */;
			buildPhases = (
				C82039C02B1CABE6000EEF61 /* Sources */,
				C82039C12B1CABE6000EEF61 /* Frameworks */,
				C82039C22B1CABE6000EEF61 /* Resources */,
			);
			buildRules = (
			);
			dependencies = (
				C82039C62B1CABE6000EEF61 /* PBXTargetDependency */,
			);
			name = PhayarSarUITests;
			productName = PhayarSarUITests;
			productReference = C82039C42B1CABE6000EEF61 /* PhayarSarUITests.xctest */;
			productType = "com.apple.product-type.bundle.ui-testing";
		};
/* End PBXNativeTarget section */

/* Begin PBXProject section */
		C82039A22B1CABE4000EEF61 /* Project object */ = {
			isa = PBXProject;
			attributes = {
				BuildIndependentTargetsInParallel = 1;
				LastSwiftUpdateCheck = 1500;
				LastUpgradeCheck = 1500;
				TargetAttributes = {
					C82039A92B1CABE4000EEF61 = {
						CreatedOnToolsVersion = 15.0.1;
					};
					C82039B92B1CABE6000EEF61 = {
						CreatedOnToolsVersion = 15.0.1;
						TestTargetID = C82039A92B1CABE4000EEF61;
					};
					C82039C32B1CABE6000EEF61 = {
						CreatedOnToolsVersion = 15.0.1;
						TestTargetID = C82039A92B1CABE4000EEF61;
					};
				};
			};
			buildConfigurationList = C82039A52B1CABE4000EEF61 /* Build configuration list for PBXProject "PhayarSar" */;
			compatibilityVersion = "Xcode 14.0";
			developmentRegion = en;
			hasScannedForEncodings = 0;
			knownRegions = (
				en,
				Base,
			);
			mainGroup = C82039A12B1CABE4000EEF61;
			packageReferences = (
				C82039F02B1CCF13000EEF61 /* XCRemoteSwiftPackageReference "SwiftUIBackports" */,
			);
			productRefGroup = C82039AB2B1CABE4000EEF61 /* Products */;
			projectDirPath = "";
			projectRoot = "";
			targets = (
				C82039A92B1CABE4000EEF61 /* PhayarSar */,
				C82039B92B1CABE6000EEF61 /* PhayarSarTests */,
				C82039C32B1CABE6000EEF61 /* PhayarSarUITests */,
			);
		};
/* End PBXProject section */

/* Begin PBXResourcesBuildPhase section */
		C82039A82B1CABE4000EEF61 /* Resources */ = {
			isa = PBXResourcesBuildPhase;
			buildActionMask = 2147483647;
			files = (
				C82039B52B1CABE6000EEF61 /* Preview Assets.xcassets in Resources */,
				C84240BC2B2DD29300A2B234 /* Language.json in Resources */,
				C82039E12B1CC4B7000EEF61 /* Quicksand-SemiBold.ttf in Resources */,
				C82039E02B1CC4B7000EEF61 /* Quicksand-Regular.ttf in Resources */,
				C82039B22B1CABE6000EEF61 /* Assets.xcassets in Resources */,
				C82039F72B1CDB4F000EEF61 /* NatPint.json in Resources */,
				C82039E22B1CC4B7000EEF61 /* Quicksand-Bold.ttf in Resources */,
				C82039E42B1CC4D6000EEF61 /* DMSerifDisplay-Regular.ttf in Resources */,
			);
			runOnlyForDeploymentPostprocessing = 0;
		};
		C82039B82B1CABE6000EEF61 /* Resources */ = {
			isa = PBXResourcesBuildPhase;
			buildActionMask = 2147483647;
			files = (
			);
			runOnlyForDeploymentPostprocessing = 0;
		};
		C82039C22B1CABE6000EEF61 /* Resources */ = {
			isa = PBXResourcesBuildPhase;
			buildActionMask = 2147483647;
			files = (
			);
			runOnlyForDeploymentPostprocessing = 0;
		};
/* End PBXResourcesBuildPhase section */

/* Begin PBXSourcesBuildPhase section */
		C82039A62B1CABE4000EEF61 /* Sources */ = {
			isa = PBXSourcesBuildPhase;
			buildActionMask = 2147483647;
			files = (
				C83E27F02B2DDAB20038EDF1 /* LocalizedText.swift in Sources */,
				C82039E92B1CC653000EEF61 /* Font+CustomFonts.swift in Sources */,
				C84240BE2B2DD31700A2B234 /* LocalizedComponents.swift in Sources */,
				C82039F52B1CD2C0000EEF61 /* Defaults.swift in Sources */,
				C82039B02B1CABE4000EEF61 /* ContentView.swift in Sources */,
				C8AAE01E2B2DB84200BE54CA /* Optional.swift in Sources */,
				C8AAE01A2B2D7B5F00BE54CA /* AppLanguage.swift in Sources */,
				C8AAE01C2B2D7D4B00BE54CA /* UserDefaults.swift in Sources */,
				C82039AE2B1CABE4000EEF61 /* PhayarSarApp.swift in Sources */,
				C82039EB2B1CCB6D000EEF61 /* Color+CustomColors.swift in Sources */,
				C83E27F22B2DDACC0038EDF1 /* LocalizedNavTitle.swift in Sources */,
				C82039FC2B1CE2B4000EEF61 /* Bundle+Decode.swift in Sources */,
				C84626B52B222B6B000931AE /* HomeScreen.swift in Sources */,
				C81E927D2B2DCD0200F4ED9E /* UserPreferences.swift in Sources */,
				C82039FA2B1CE1C7000EEF61 /* NatPintVO.swift in Sources */,
				C84240C02B2DD34900A2B234 /* LocalizedKey.swift in Sources */,
				C82039EF2B1CCCAF000EEF61 /* AppBtnFilled.swift in Sources */,
				C82039DA2B1CC30A000EEF61 /* OnboardingScreen.swift in Sources */,
				C8AAE0182B2D784900BE54CA /* ChooseLanguageScreen.swift in Sources */,
				C83E27F42B2DDC9B0038EDF1 /* LocalizedButton.swift in Sources */,
			);
			runOnlyForDeploymentPostprocessing = 0;
		};
		C82039B62B1CABE6000EEF61 /* Sources */ = {
			isa = PBXSourcesBuildPhase;
			buildActionMask = 2147483647;
			files = (
				C82039BF2B1CABE6000EEF61 /* PhayarSarTests.swift in Sources */,
			);
			runOnlyForDeploymentPostprocessing = 0;
		};
		C82039C02B1CABE6000EEF61 /* Sources */ = {
			isa = PBXSourcesBuildPhase;
			buildActionMask = 2147483647;
			files = (
				C82039CB2B1CABE6000EEF61 /* PhayarSarUITestsLaunchTests.swift in Sources */,
				C82039C92B1CABE6000EEF61 /* PhayarSarUITests.swift in Sources */,
			);
			runOnlyForDeploymentPostprocessing = 0;
		};
/* End PBXSourcesBuildPhase section */

/* Begin PBXTargetDependency section */
		C82039BC2B1CABE6000EEF61 /* PBXTargetDependency */ = {
			isa = PBXTargetDependency;
			target = C82039A92B1CABE4000EEF61 /* PhayarSar */;
			targetProxy = C82039BB2B1CABE6000EEF61 /* PBXContainerItemProxy */;
		};
		C82039C62B1CABE6000EEF61 /* PBXTargetDependency */ = {
			isa = PBXTargetDependency;
			target = C82039A92B1CABE4000EEF61 /* PhayarSar */;
			targetProxy = C82039C52B1CABE6000EEF61 /* PBXContainerItemProxy */;
		};
/* End PBXTargetDependency section */

/* Begin XCBuildConfiguration section */
		C82039CC2B1CABE6000EEF61 /* Debug */ = {
			isa = XCBuildConfiguration;
			buildSettings = {
				ALWAYS_SEARCH_USER_PATHS = NO;
				ASSETCATALOG_COMPILER_GENERATE_SWIFT_ASSET_SYMBOL_EXTENSIONS = YES;
				CLANG_ANALYZER_NONNULL = YES;
				CLANG_ANALYZER_NUMBER_OBJECT_CONVERSION = YES_AGGRESSIVE;
				CLANG_CXX_LANGUAGE_STANDARD = "gnu++20";
				CLANG_ENABLE_MODULES = YES;
				CLANG_ENABLE_OBJC_ARC = YES;
				CLANG_ENABLE_OBJC_WEAK = YES;
				CLANG_WARN_BLOCK_CAPTURE_AUTORELEASING = YES;
				CLANG_WARN_BOOL_CONVERSION = YES;
				CLANG_WARN_COMMA = YES;
				CLANG_WARN_CONSTANT_CONVERSION = YES;
				CLANG_WARN_DEPRECATED_OBJC_IMPLEMENTATIONS = YES;
				CLANG_WARN_DIRECT_OBJC_ISA_USAGE = YES_ERROR;
				CLANG_WARN_DOCUMENTATION_COMMENTS = YES;
				CLANG_WARN_EMPTY_BODY = YES;
				CLANG_WARN_ENUM_CONVERSION = YES;
				CLANG_WARN_INFINITE_RECURSION = YES;
				CLANG_WARN_INT_CONVERSION = YES;
				CLANG_WARN_NON_LITERAL_NULL_CONVERSION = YES;
				CLANG_WARN_OBJC_IMPLICIT_RETAIN_SELF = YES;
				CLANG_WARN_OBJC_LITERAL_CONVERSION = YES;
				CLANG_WARN_OBJC_ROOT_CLASS = YES_ERROR;
				CLANG_WARN_QUOTED_INCLUDE_IN_FRAMEWORK_HEADER = YES;
				CLANG_WARN_RANGE_LOOP_ANALYSIS = YES;
				CLANG_WARN_STRICT_PROTOTYPES = YES;
				CLANG_WARN_SUSPICIOUS_MOVE = YES;
				CLANG_WARN_UNGUARDED_AVAILABILITY = YES_AGGRESSIVE;
				CLANG_WARN_UNREACHABLE_CODE = YES;
				CLANG_WARN__DUPLICATE_METHOD_MATCH = YES;
				COPY_PHASE_STRIP = NO;
				DEBUG_INFORMATION_FORMAT = dwarf;
				ENABLE_STRICT_OBJC_MSGSEND = YES;
				ENABLE_TESTABILITY = YES;
				ENABLE_USER_SCRIPT_SANDBOXING = YES;
				GCC_C_LANGUAGE_STANDARD = gnu17;
				GCC_DYNAMIC_NO_PIC = NO;
				GCC_NO_COMMON_BLOCKS = YES;
				GCC_OPTIMIZATION_LEVEL = 0;
				GCC_PREPROCESSOR_DEFINITIONS = (
					"DEBUG=1",
					"$(inherited)",
				);
				GCC_WARN_64_TO_32_BIT_CONVERSION = YES;
				GCC_WARN_ABOUT_RETURN_TYPE = YES_ERROR;
				GCC_WARN_UNDECLARED_SELECTOR = YES;
				GCC_WARN_UNINITIALIZED_AUTOS = YES_AGGRESSIVE;
				GCC_WARN_UNUSED_FUNCTION = YES;
				GCC_WARN_UNUSED_VARIABLE = YES;
				IPHONEOS_DEPLOYMENT_TARGET = 17.0;
				LOCALIZATION_PREFERS_STRING_CATALOGS = YES;
				MTL_ENABLE_DEBUG_INFO = INCLUDE_SOURCE;
				MTL_FAST_MATH = YES;
				ONLY_ACTIVE_ARCH = YES;
				SDKROOT = iphoneos;
				SWIFT_ACTIVE_COMPILATION_CONDITIONS = "DEBUG $(inherited)";
				SWIFT_OPTIMIZATION_LEVEL = "-Onone";
			};
			name = Debug;
		};
		C82039CD2B1CABE6000EEF61 /* Release */ = {
			isa = XCBuildConfiguration;
			buildSettings = {
				ALWAYS_SEARCH_USER_PATHS = NO;
				ASSETCATALOG_COMPILER_GENERATE_SWIFT_ASSET_SYMBOL_EXTENSIONS = YES;
				CLANG_ANALYZER_NONNULL = YES;
				CLANG_ANALYZER_NUMBER_OBJECT_CONVERSION = YES_AGGRESSIVE;
				CLANG_CXX_LANGUAGE_STANDARD = "gnu++20";
				CLANG_ENABLE_MODULES = YES;
				CLANG_ENABLE_OBJC_ARC = YES;
				CLANG_ENABLE_OBJC_WEAK = YES;
				CLANG_WARN_BLOCK_CAPTURE_AUTORELEASING = YES;
				CLANG_WARN_BOOL_CONVERSION = YES;
				CLANG_WARN_COMMA = YES;
				CLANG_WARN_CONSTANT_CONVERSION = YES;
				CLANG_WARN_DEPRECATED_OBJC_IMPLEMENTATIONS = YES;
				CLANG_WARN_DIRECT_OBJC_ISA_USAGE = YES_ERROR;
				CLANG_WARN_DOCUMENTATION_COMMENTS = YES;
				CLANG_WARN_EMPTY_BODY = YES;
				CLANG_WARN_ENUM_CONVERSION = YES;
				CLANG_WARN_INFINITE_RECURSION = YES;
				CLANG_WARN_INT_CONVERSION = YES;
				CLANG_WARN_NON_LITERAL_NULL_CONVERSION = YES;
				CLANG_WARN_OBJC_IMPLICIT_RETAIN_SELF = YES;
				CLANG_WARN_OBJC_LITERAL_CONVERSION = YES;
				CLANG_WARN_OBJC_ROOT_CLASS = YES_ERROR;
				CLANG_WARN_QUOTED_INCLUDE_IN_FRAMEWORK_HEADER = YES;
				CLANG_WARN_RANGE_LOOP_ANALYSIS = YES;
				CLANG_WARN_STRICT_PROTOTYPES = YES;
				CLANG_WARN_SUSPICIOUS_MOVE = YES;
				CLANG_WARN_UNGUARDED_AVAILABILITY = YES_AGGRESSIVE;
				CLANG_WARN_UNREACHABLE_CODE = YES;
				CLANG_WARN__DUPLICATE_METHOD_MATCH = YES;
				COPY_PHASE_STRIP = NO;
				DEBUG_INFORMATION_FORMAT = "dwarf-with-dsym";
				ENABLE_NS_ASSERTIONS = NO;
				ENABLE_STRICT_OBJC_MSGSEND = YES;
				ENABLE_USER_SCRIPT_SANDBOXING = YES;
				GCC_C_LANGUAGE_STANDARD = gnu17;
				GCC_NO_COMMON_BLOCKS = YES;
				GCC_WARN_64_TO_32_BIT_CONVERSION = YES;
				GCC_WARN_ABOUT_RETURN_TYPE = YES_ERROR;
				GCC_WARN_UNDECLARED_SELECTOR = YES;
				GCC_WARN_UNINITIALIZED_AUTOS = YES_AGGRESSIVE;
				GCC_WARN_UNUSED_FUNCTION = YES;
				GCC_WARN_UNUSED_VARIABLE = YES;
				IPHONEOS_DEPLOYMENT_TARGET = 17.0;
				LOCALIZATION_PREFERS_STRING_CATALOGS = YES;
				MTL_ENABLE_DEBUG_INFO = NO;
				MTL_FAST_MATH = YES;
				SDKROOT = iphoneos;
				SWIFT_COMPILATION_MODE = wholemodule;
				VALIDATE_PRODUCT = YES;
			};
			name = Release;
		};
		C82039CF2B1CABE6000EEF61 /* Debug */ = {
			isa = XCBuildConfiguration;
			buildSettings = {
				ASSETCATALOG_COMPILER_APPICON_NAME = AppIcon;
				ASSETCATALOG_COMPILER_GLOBAL_ACCENT_COLOR_NAME = AccentColor;
				CODE_SIGN_STYLE = Automatic;
				CURRENT_PROJECT_VERSION = 1;
				DEVELOPMENT_ASSET_PATHS = "\"PhayarSar/Preview Content\"";
				DEVELOPMENT_TEAM = 3LGZY3S9Q5;
				ENABLE_PREVIEWS = YES;
				GENERATE_INFOPLIST_FILE = YES;
				INFOPLIST_FILE = PhayarSar/Info.plist;
				INFOPLIST_KEY_UIApplicationSceneManifest_Generation = YES;
				INFOPLIST_KEY_UIApplicationSupportsIndirectInputEvents = YES;
				INFOPLIST_KEY_UILaunchScreen_Generation = YES;
				INFOPLIST_KEY_UISupportedInterfaceOrientations_iPad = "UIInterfaceOrientationPortrait UIInterfaceOrientationPortraitUpsideDown UIInterfaceOrientationLandscapeLeft UIInterfaceOrientationLandscapeRight";
				INFOPLIST_KEY_UISupportedInterfaceOrientations_iPhone = "UIInterfaceOrientationPortrait UIInterfaceOrientationLandscapeLeft UIInterfaceOrientationLandscapeRight";
				IPHONEOS_DEPLOYMENT_TARGET = 15.0;
				LD_RUNPATH_SEARCH_PATHS = (
					"$(inherited)",
					"@executable_path/Frameworks",
				);
				MARKETING_VERSION = 1.0;
				PRODUCT_BUNDLE_IDENTIFIER = com.kyaw.PhayarSar;
				PRODUCT_NAME = "$(TARGET_NAME)";
				SWIFT_EMIT_LOC_STRINGS = YES;
				SWIFT_VERSION = 5.0;
				TARGETED_DEVICE_FAMILY = "1,2";
			};
			name = Debug;
		};
		C82039D02B1CABE6000EEF61 /* Release */ = {
			isa = XCBuildConfiguration;
			buildSettings = {
				ASSETCATALOG_COMPILER_APPICON_NAME = AppIcon;
				ASSETCATALOG_COMPILER_GLOBAL_ACCENT_COLOR_NAME = AccentColor;
				CODE_SIGN_STYLE = Automatic;
				CURRENT_PROJECT_VERSION = 1;
				DEVELOPMENT_ASSET_PATHS = "\"PhayarSar/Preview Content\"";
				DEVELOPMENT_TEAM = 3LGZY3S9Q5;
				ENABLE_PREVIEWS = YES;
				GENERATE_INFOPLIST_FILE = YES;
				INFOPLIST_FILE = PhayarSar/Info.plist;
				INFOPLIST_KEY_UIApplicationSceneManifest_Generation = YES;
				INFOPLIST_KEY_UIApplicationSupportsIndirectInputEvents = YES;
				INFOPLIST_KEY_UILaunchScreen_Generation = YES;
				INFOPLIST_KEY_UISupportedInterfaceOrientations_iPad = "UIInterfaceOrientationPortrait UIInterfaceOrientationPortraitUpsideDown UIInterfaceOrientationLandscapeLeft UIInterfaceOrientationLandscapeRight";
				INFOPLIST_KEY_UISupportedInterfaceOrientations_iPhone = "UIInterfaceOrientationPortrait UIInterfaceOrientationLandscapeLeft UIInterfaceOrientationLandscapeRight";
				IPHONEOS_DEPLOYMENT_TARGET = 15.0;
				LD_RUNPATH_SEARCH_PATHS = (
					"$(inherited)",
					"@executable_path/Frameworks",
				);
				MARKETING_VERSION = 1.0;
				PRODUCT_BUNDLE_IDENTIFIER = com.kyaw.PhayarSar;
				PRODUCT_NAME = "$(TARGET_NAME)";
				SWIFT_EMIT_LOC_STRINGS = YES;
				SWIFT_VERSION = 5.0;
				TARGETED_DEVICE_FAMILY = "1,2";
			};
			name = Release;
		};
		C82039D22B1CABE6000EEF61 /* Debug */ = {
			isa = XCBuildConfiguration;
			buildSettings = {
				ALWAYS_EMBED_SWIFT_STANDARD_LIBRARIES = YES;
				BUNDLE_LOADER = "$(TEST_HOST)";
				CODE_SIGN_STYLE = Automatic;
				CURRENT_PROJECT_VERSION = 1;
				DEVELOPMENT_TEAM = 3LGZY3S9Q5;
				GENERATE_INFOPLIST_FILE = YES;
				IPHONEOS_DEPLOYMENT_TARGET = 17.0;
				MARKETING_VERSION = 1.0;
				PRODUCT_BUNDLE_IDENTIFIER = com.kyaw.PhayarSarTests;
				PRODUCT_NAME = "$(TARGET_NAME)";
				SWIFT_EMIT_LOC_STRINGS = NO;
				SWIFT_VERSION = 5.0;
				TARGETED_DEVICE_FAMILY = "1,2";
				TEST_HOST = "$(BUILT_PRODUCTS_DIR)/PhayarSar.app/$(BUNDLE_EXECUTABLE_FOLDER_PATH)/PhayarSar";
			};
			name = Debug;
		};
		C82039D32B1CABE6000EEF61 /* Release */ = {
			isa = XCBuildConfiguration;
			buildSettings = {
				ALWAYS_EMBED_SWIFT_STANDARD_LIBRARIES = YES;
				BUNDLE_LOADER = "$(TEST_HOST)";
				CODE_SIGN_STYLE = Automatic;
				CURRENT_PROJECT_VERSION = 1;
				DEVELOPMENT_TEAM = 3LGZY3S9Q5;
				GENERATE_INFOPLIST_FILE = YES;
				IPHONEOS_DEPLOYMENT_TARGET = 17.0;
				MARKETING_VERSION = 1.0;
				PRODUCT_BUNDLE_IDENTIFIER = com.kyaw.PhayarSarTests;
				PRODUCT_NAME = "$(TARGET_NAME)";
				SWIFT_EMIT_LOC_STRINGS = NO;
				SWIFT_VERSION = 5.0;
				TARGETED_DEVICE_FAMILY = "1,2";
				TEST_HOST = "$(BUILT_PRODUCTS_DIR)/PhayarSar.app/$(BUNDLE_EXECUTABLE_FOLDER_PATH)/PhayarSar";
			};
			name = Release;
		};
		C82039D52B1CABE6000EEF61 /* Debug */ = {
			isa = XCBuildConfiguration;
			buildSettings = {
				ALWAYS_EMBED_SWIFT_STANDARD_LIBRARIES = YES;
				CODE_SIGN_STYLE = Automatic;
				CURRENT_PROJECT_VERSION = 1;
				DEVELOPMENT_TEAM = 3LGZY3S9Q5;
				GENERATE_INFOPLIST_FILE = YES;
				MARKETING_VERSION = 1.0;
				PRODUCT_BUNDLE_IDENTIFIER = com.kyaw.PhayarSarUITests;
				PRODUCT_NAME = "$(TARGET_NAME)";
				SWIFT_EMIT_LOC_STRINGS = NO;
				SWIFT_VERSION = 5.0;
				TARGETED_DEVICE_FAMILY = "1,2";
				TEST_TARGET_NAME = PhayarSar;
			};
			name = Debug;
		};
		C82039D62B1CABE6000EEF61 /* Release */ = {
			isa = XCBuildConfiguration;
			buildSettings = {
				ALWAYS_EMBED_SWIFT_STANDARD_LIBRARIES = YES;
				CODE_SIGN_STYLE = Automatic;
				CURRENT_PROJECT_VERSION = 1;
				DEVELOPMENT_TEAM = 3LGZY3S9Q5;
				GENERATE_INFOPLIST_FILE = YES;
				MARKETING_VERSION = 1.0;
				PRODUCT_BUNDLE_IDENTIFIER = com.kyaw.PhayarSarUITests;
				PRODUCT_NAME = "$(TARGET_NAME)";
				SWIFT_EMIT_LOC_STRINGS = NO;
				SWIFT_VERSION = 5.0;
				TARGETED_DEVICE_FAMILY = "1,2";
				TEST_TARGET_NAME = PhayarSar;
			};
			name = Release;
		};
/* End XCBuildConfiguration section */

/* Begin XCConfigurationList section */
		C82039A52B1CABE4000EEF61 /* Build configuration list for PBXProject "PhayarSar" */ = {
			isa = XCConfigurationList;
			buildConfigurations = (
				C82039CC2B1CABE6000EEF61 /* Debug */,
				C82039CD2B1CABE6000EEF61 /* Release */,
			);
			defaultConfigurationIsVisible = 0;
			defaultConfigurationName = Release;
		};
		C82039CE2B1CABE6000EEF61 /* Build configuration list for PBXNativeTarget "PhayarSar" */ = {
			isa = XCConfigurationList;
			buildConfigurations = (
				C82039CF2B1CABE6000EEF61 /* Debug */,
				C82039D02B1CABE6000EEF61 /* Release */,
			);
			defaultConfigurationIsVisible = 0;
			defaultConfigurationName = Release;
		};
		C82039D12B1CABE6000EEF61 /* Build configuration list for PBXNativeTarget "PhayarSarTests" */ = {
			isa = XCConfigurationList;
			buildConfigurations = (
				C82039D22B1CABE6000EEF61 /* Debug */,
				C82039D32B1CABE6000EEF61 /* Release */,
			);
			defaultConfigurationIsVisible = 0;
			defaultConfigurationName = Release;
		};
		C82039D42B1CABE6000EEF61 /* Build configuration list for PBXNativeTarget "PhayarSarUITests" */ = {
			isa = XCConfigurationList;
			buildConfigurations = (
				C82039D52B1CABE6000EEF61 /* Debug */,
				C82039D62B1CABE6000EEF61 /* Release */,
			);
			defaultConfigurationIsVisible = 0;
			defaultConfigurationName = Release;
		};
/* End XCConfigurationList section */

/* Begin XCRemoteSwiftPackageReference section */
		C82039F02B1CCF13000EEF61 /* XCRemoteSwiftPackageReference "SwiftUIBackports" */ = {
			isa = XCRemoteSwiftPackageReference;
			repositoryURL = "https://github.com/shaps80/SwiftUIBackports.git";
			requirement = {
				kind = upToNextMajorVersion;
				minimumVersion = 2.8.0;
			};
		};
/* End XCRemoteSwiftPackageReference section */

/* Begin XCSwiftPackageProductDependency section */
		C82039F12B1CCF13000EEF61 /* SwiftUIBackports */ = {
			isa = XCSwiftPackageProductDependency;
			package = C82039F02B1CCF13000EEF61 /* XCRemoteSwiftPackageReference "SwiftUIBackports" */;
			productName = SwiftUIBackports;
		};
/* End XCSwiftPackageProductDependency section */
	};
	rootObject = C82039A22B1CABE4000EEF61 /* Project object */;
}
