// !$*UTF8*$!
{
	archiveVersion = 1;
	classes = {
	};
	objectVersion = 56;
	objects = {

/* Begin PBXBuildFile section */
		C80287442B4940ED00F165DF /* CommonPrayerProtocol.swift in Sources */ = {isa = PBXBuildFile; fileRef = C80287432B4940ED00F165DF /* CommonPrayerProtocol.swift */; };
		C80287472B4A5F3600F165DF /* PrayingProgressView.swift in Sources */ = {isa = PBXBuildFile; fileRef = C80287462B4A5F3600F165DF /* PrayingProgressView.swift */; };
		C80287492B4A866E00F165DF /* ScrollingSpeed.swift in Sources */ = {isa = PBXBuildFile; fileRef = C80287482B4A866E00F165DF /* ScrollingSpeed.swift */; };
		C81E927D2B2DCD0200F4ED9E /* UserPreferences.swift in Sources */ = {isa = PBXBuildFile; fileRef = C81E927C2B2DCD0200F4ED9E /* UserPreferences.swift */; };
		C82039AE2B1CABE4000EEF61 /* PhayarSarApp.swift in Sources */ = {isa = PBXBuildFile; fileRef = C82039AD2B1CABE4000EEF61 /* PhayarSarApp.swift */; };
		C82039B02B1CABE4000EEF61 /* ContentView.swift in Sources */ = {isa = PBXBuildFile; fileRef = C82039AF2B1CABE4000EEF61 /* ContentView.swift */; };
		C82039B22B1CABE6000EEF61 /* Assets.xcassets in Resources */ = {isa = PBXBuildFile; fileRef = C82039B12B1CABE6000EEF61 /* Assets.xcassets */; };
		C82039B52B1CABE6000EEF61 /* Preview Assets.xcassets in Resources */ = {isa = PBXBuildFile; fileRef = C82039B42B1CABE6000EEF61 /* Preview Assets.xcassets */; };
		C82039BF2B1CABE6000EEF61 /* PhayarSarTests.swift in Sources */ = {isa = PBXBuildFile; fileRef = C82039BE2B1CABE6000EEF61 /* PhayarSarTests.swift */; };
		C82039C92B1CABE6000EEF61 /* PhayarSarUITests.swift in Sources */ = {isa = PBXBuildFile; fileRef = C82039C82B1CABE6000EEF61 /* PhayarSarUITests.swift */; };
		C82039CB2B1CABE6000EEF61 /* PhayarSarUITestsLaunchTests.swift in Sources */ = {isa = PBXBuildFile; fileRef = C82039CA2B1CABE6000EEF61 /* PhayarSarUITestsLaunchTests.swift */; };
		C82039DA2B1CC30A000EEF61 /* OnboardingScreen.swift in Sources */ = {isa = PBXBuildFile; fileRef = C82039D92B1CC30A000EEF61 /* OnboardingScreen.swift */; };
		C82039E02B1CC4B7000EEF61 /* Quicksand-Regular.ttf in Resources */ = {isa = PBXBuildFile; fileRef = C82039DD2B1CC4B7000EEF61 /* Quicksand-Regular.ttf */; };
		C82039E12B1CC4B7000EEF61 /* Quicksand-SemiBold.ttf in Resources */ = {isa = PBXBuildFile; fileRef = C82039DE2B1CC4B7000EEF61 /* Quicksand-SemiBold.ttf */; };
		C82039E22B1CC4B7000EEF61 /* Quicksand-Bold.ttf in Resources */ = {isa = PBXBuildFile; fileRef = C82039DF2B1CC4B7000EEF61 /* Quicksand-Bold.ttf */; };
		C82039E42B1CC4D6000EEF61 /* DMSerifDisplay-Regular.ttf in Resources */ = {isa = PBXBuildFile; fileRef = C82039E32B1CC4D6000EEF61 /* DMSerifDisplay-Regular.ttf */; };
		C82039E92B1CC653000EEF61 /* Font+CustomFonts.swift in Sources */ = {isa = PBXBuildFile; fileRef = C82039E82B1CC653000EEF61 /* Font+CustomFonts.swift */; };
		C82039EB2B1CCB6D000EEF61 /* Color+CustomColors.swift in Sources */ = {isa = PBXBuildFile; fileRef = C82039EA2B1CCB6D000EEF61 /* Color+CustomColors.swift */; };
		C82039EF2B1CCCAF000EEF61 /* AppBtnFilled.swift in Sources */ = {isa = PBXBuildFile; fileRef = C82039EE2B1CCCAF000EEF61 /* AppBtnFilled.swift */; };
		C82039F22B1CCF13000EEF61 /* SwiftUIBackports in Frameworks */ = {isa = PBXBuildFile; productRef = C82039F12B1CCF13000EEF61 /* SwiftUIBackports */; };
		C82039F72B1CDB4F000EEF61 /* NatPint.json in Resources */ = {isa = PBXBuildFile; fileRef = C82039F62B1CDB4F000EEF61 /* NatPint.json */; };
		C82039FA2B1CE1C7000EEF61 /* NatPintVO.swift in Sources */ = {isa = PBXBuildFile; fileRef = C82039F92B1CE1C7000EEF61 /* NatPintVO.swift */; };
		C82039FC2B1CE2B4000EEF61 /* Bundle+Decode.swift in Sources */ = {isa = PBXBuildFile; fileRef = C82039FB2B1CE2B4000EEF61 /* Bundle+Decode.swift */; };
		C83961B22B4053E900E189D9 /* View+Preview.swift in Sources */ = {isa = PBXBuildFile; fileRef = C83961B12B4053E900E189D9 /* View+Preview.swift */; };
		C83961B62B40578200E189D9 /* SafeAreaInsets.swift in Sources */ = {isa = PBXBuildFile; fileRef = C83961B52B40578200E189D9 /* SafeAreaInsets.swift */; };
		C83E27F02B2DDAB20038EDF1 /* LocalizedText.swift in Sources */ = {isa = PBXBuildFile; fileRef = C83E27EF2B2DDAB20038EDF1 /* LocalizedText.swift */; };
		C83E27F22B2DDACC0038EDF1 /* LocalizedNavTitle.swift in Sources */ = {isa = PBXBuildFile; fileRef = C83E27F12B2DDACC0038EDF1 /* LocalizedNavTitle.swift */; };
		C83E27F42B2DDC9B0038EDF1 /* LocalizedButton.swift in Sources */ = {isa = PBXBuildFile; fileRef = C83E27F32B2DDC9B0038EDF1 /* LocalizedButton.swift */; };
		C84240BC2B2DD29300A2B234 /* Language.json in Resources */ = {isa = PBXBuildFile; fileRef = C84240BB2B2DD29300A2B234 /* Language.json */; };
		C84240BE2B2DD31700A2B234 /* LocalizedComponents.swift in Sources */ = {isa = PBXBuildFile; fileRef = C84240BD2B2DD31700A2B234 /* LocalizedComponents.swift */; };
		C84240C02B2DD34900A2B234 /* LocalizedKey.swift in Sources */ = {isa = PBXBuildFile; fileRef = C84240BF2B2DD34900A2B234 /* LocalizedKey.swift */; };
		C84626B52B222B6B000931AE /* HomeScreen.swift in Sources */ = {isa = PBXBuildFile; fileRef = C84626B42B222B6B000931AE /* HomeScreen.swift */; };
		C8A342522B3E70C800B24F7C /* HapticKit.swift in Sources */ = {isa = PBXBuildFile; fileRef = C8A342512B3E70C800B24F7C /* HapticKit.swift */; };
		C8AAE0182B2D784900BE54CA /* ChooseLanguageScreen.swift in Sources */ = {isa = PBXBuildFile; fileRef = C8AAE0172B2D784900BE54CA /* ChooseLanguageScreen.swift */; };
		C8AAE01A2B2D7B5F00BE54CA /* AppLanguage.swift in Sources */ = {isa = PBXBuildFile; fileRef = C8AAE0192B2D7B5F00BE54CA /* AppLanguage.swift */; };
		C8AAE01E2B2DB84200BE54CA /* Optional.swift in Sources */ = {isa = PBXBuildFile; fileRef = C8AAE01D2B2DB84200BE54CA /* Optional.swift */; };
		C8BBB3652B482C0100F3828C /* LocalizedToggle.swift in Sources */ = {isa = PBXBuildFile; fileRef = C8BBB3642B482C0100F3828C /* LocalizedToggle.swift */; };
		C8BBB3682B48534400F3828C /* CommonPrayerParagraphView.swift in Sources */ = {isa = PBXBuildFile; fileRef = C8BBB3672B48534400F3828C /* CommonPrayerParagraphView.swift */; };
		C8BBB36A2B485AE900F3828C /* CommonPrayerModel.swift in Sources */ = {isa = PBXBuildFile; fileRef = C8BBB3692B485AE900F3828C /* CommonPrayerModel.swift */; };
		C8BBB36C2B48616F00F3828C /* ScrollViewReaderDemoView.swift in Sources */ = {isa = PBXBuildFile; fileRef = C8BBB36B2B48616F00F3828C /* ScrollViewReaderDemoView.swift */; };
		C8BBB36E2B48713000F3828C /* Measure.swift in Sources */ = {isa = PBXBuildFile; fileRef = C8BBB36D2B48713000F3828C /* Measure.swift */; };
		C8BBB3702B49108F00F3828C /* SpotlightScrollManager.swift in Sources */ = {isa = PBXBuildFile; fileRef = C8BBB36F2B49108F00F3828C /* SpotlightScrollManager.swift */; };
		C8CA45BD2B41251E00240DA7 /* CommonPrayerScreen.swift in Sources */ = {isa = PBXBuildFile; fileRef = C8CA45BC2B41251E00240DA7 /* CommonPrayerScreen.swift */; };
		C8CA45BF2B41295300240DA7 /* LocalizedLabel.swift in Sources */ = {isa = PBXBuildFile; fileRef = C8CA45BE2B41295300240DA7 /* LocalizedLabel.swift */; };
		C8CA45C22B41304100240DA7 /* NavigationTransitions in Frameworks */ = {isa = PBXBuildFile; productRef = C8CA45C12B41304100240DA7 /* NavigationTransitions */; };
		C8CA45C52B4136CC00240DA7 /* AboutPrayerScreen.swift in Sources */ = {isa = PBXBuildFile; fileRef = C8CA45C42B4136CC00240DA7 /* AboutPrayerScreen.swift */; };
		C8CA45C82B413ADD00240DA7 /* ThemesAndSettingsScreen.swift in Sources */ = {isa = PBXBuildFile; fileRef = C8CA45C72B413ADD00240DA7 /* ThemesAndSettingsScreen.swift */; };
		C8CA45CA2B41415200240DA7 /* BtnCloseCircle.swift in Sources */ = {isa = PBXBuildFile; fileRef = C8CA45C92B41415200240DA7 /* BtnCloseCircle.swift */; };
		C8CA45D22B41468100240DA7 /* MyanmarSquare.ttf in Resources */ = {isa = PBXBuildFile; fileRef = C8CA45D12B41468100240DA7 /* MyanmarSquare.ttf */; };
		C8CA45D62B4146F400240DA7 /* YoeYar-One.ttf in Resources */ = {isa = PBXBuildFile; fileRef = C8CA45D52B4146F400240DA7 /* YoeYar-One.ttf */; };
		C8CA45E42B414A4D00240DA7 /* MyanmarFont.swift in Sources */ = {isa = PBXBuildFile; fileRef = C8CA45E32B414A4D00240DA7 /* MyanmarFont.swift */; };
		C8CA45E62B4152AC00240DA7 /* PageColor.swift in Sources */ = {isa = PBXBuildFile; fileRef = C8CA45E52B4152AC00240DA7 /* PageColor.swift */; };
		C8D6527F2B2E02DB00BB6C42 /* PositionObservingView.swift in Sources */ = {isa = PBXBuildFile; fileRef = C8D6527E2B2E02DB00BB6C42 /* PositionObservingView.swift */; };
		C8D652812B2E0A3800BB6C42 /* HomeListItemView.swift in Sources */ = {isa = PBXBuildFile; fileRef = C8D652802B2E0A3800BB6C42 /* HomeListItemView.swift */; };
		C8D652852B2E0BDB00BB6C42 /* TabScreen.swift in Sources */ = {isa = PBXBuildFile; fileRef = C8D652842B2E0BDB00BB6C42 /* TabScreen.swift */; };
		C8D652882B2E0F1D00BB6C42 /* SettingsScreen.swift in Sources */ = {isa = PBXBuildFile; fileRef = C8D652872B2E0F1D00BB6C42 /* SettingsScreen.swift */; };
		C8D652962B2EA6BD00BB6C42 /* AppColor.swift in Sources */ = {isa = PBXBuildFile; fileRef = C8D652952B2EA6BD00BB6C42 /* AppColor.swift */; };
		C8D6529B2B2EA76500BB6C42 /* ChooseColorScreen.swift in Sources */ = {isa = PBXBuildFile; fileRef = C8D6529A2B2EA76500BB6C42 /* ChooseColorScreen.swift */; };
		C8D6529D2B2EE5AB00BB6C42 /* CustomCornerView.swift in Sources */ = {isa = PBXBuildFile; fileRef = C8D6529C2B2EE5AB00BB6C42 /* CustomCornerView.swift */; };
		C8D730B32B46D42500D19D57 /* OverflowContentViewModifier.swift in Sources */ = {isa = PBXBuildFile; fileRef = C8D730B22B46D42500D19D57 /* OverflowContentViewModifier.swift */; };
		C8D730B92B46F74900D19D57 /* CompactSlider in Frameworks */ = {isa = PBXBuildFile; productRef = C8D730B82B46F74900D19D57 /* CompactSlider */; };
/* End PBXBuildFile section */

/* Begin PBXContainerItemProxy section */
		C82039BB2B1CABE6000EEF61 /* PBXContainerItemProxy */ = {
			isa = PBXContainerItemProxy;
			containerPortal = C82039A22B1CABE4000EEF61 /* Project object */;
			proxyType = 1;
			remoteGlobalIDString = C82039A92B1CABE4000EEF61;
			remoteInfo = PhayarSar;
		};
		C82039C52B1CABE6000EEF61 /* PBXContainerItemProxy */ = {
			isa = PBXContainerItemProxy;
			containerPortal = C82039A22B1CABE4000EEF61 /* Project object */;
			proxyType = 1;
			remoteGlobalIDString = C82039A92B1CABE4000EEF61;
			remoteInfo = PhayarSar;
		};
/* End PBXContainerItemProxy section */

/* Begin PBXFileReference section */
		C80287432B4940ED00F165DF /* CommonPrayerProtocol.swift */ = {isa = PBXFileReference; lastKnownFileType = sourcecode.swift; path = CommonPrayerProtocol.swift; sourceTree = "<group>"; };
		C80287462B4A5F3600F165DF /* PrayingProgressView.swift */ = {isa = PBXFileReference; lastKnownFileType = sourcecode.swift; path = PrayingProgressView.swift; sourceTree = "<group>"; };
		C80287482B4A866E00F165DF /* ScrollingSpeed.swift */ = {isa = PBXFileReference; lastKnownFileType = sourcecode.swift; path = ScrollingSpeed.swift; sourceTree = "<group>"; };
		C81E927C2B2DCD0200F4ED9E /* UserPreferences.swift */ = {isa = PBXFileReference; lastKnownFileType = sourcecode.swift; path = UserPreferences.swift; sourceTree = "<group>"; };
		C82039AA2B1CABE4000EEF61 /* PhayarSar.app */ = {isa = PBXFileReference; explicitFileType = wrapper.application; includeInIndex = 0; path = PhayarSar.app; sourceTree = BUILT_PRODUCTS_DIR; };
		C82039AD2B1CABE4000EEF61 /* PhayarSarApp.swift */ = {isa = PBXFileReference; lastKnownFileType = sourcecode.swift; path = PhayarSarApp.swift; sourceTree = "<group>"; };
		C82039AF2B1CABE4000EEF61 /* ContentView.swift */ = {isa = PBXFileReference; lastKnownFileType = sourcecode.swift; path = ContentView.swift; sourceTree = "<group>"; };
		C82039B12B1CABE6000EEF61 /* Assets.xcassets */ = {isa = PBXFileReference; lastKnownFileType = folder.assetcatalog; path = Assets.xcassets; sourceTree = "<group>"; };
		C82039B42B1CABE6000EEF61 /* Preview Assets.xcassets */ = {isa = PBXFileReference; lastKnownFileType = folder.assetcatalog; path = "Preview Assets.xcassets"; sourceTree = "<group>"; };
		C82039BA2B1CABE6000EEF61 /* PhayarSarTests.xctest */ = {isa = PBXFileReference; explicitFileType = wrapper.cfbundle; includeInIndex = 0; path = PhayarSarTests.xctest; sourceTree = BUILT_PRODUCTS_DIR; };
		C82039BE2B1CABE6000EEF61 /* PhayarSarTests.swift */ = {isa = PBXFileReference; lastKnownFileType = sourcecode.swift; path = PhayarSarTests.swift; sourceTree = "<group>"; };
		C82039C42B1CABE6000EEF61 /* PhayarSarUITests.xctest */ = {isa = PBXFileReference; explicitFileType = wrapper.cfbundle; includeInIndex = 0; path = PhayarSarUITests.xctest; sourceTree = BUILT_PRODUCTS_DIR; };
		C82039C82B1CABE6000EEF61 /* PhayarSarUITests.swift */ = {isa = PBXFileReference; lastKnownFileType = sourcecode.swift; path = PhayarSarUITests.swift; sourceTree = "<group>"; };
		C82039CA2B1CABE6000EEF61 /* PhayarSarUITestsLaunchTests.swift */ = {isa = PBXFileReference; lastKnownFileType = sourcecode.swift; path = PhayarSarUITestsLaunchTests.swift; sourceTree = "<group>"; };
		C82039D92B1CC30A000EEF61 /* OnboardingScreen.swift */ = {isa = PBXFileReference; lastKnownFileType = sourcecode.swift; path = OnboardingScreen.swift; sourceTree = "<group>"; };
		C82039DD2B1CC4B7000EEF61 /* Quicksand-Regular.ttf */ = {isa = PBXFileReference; lastKnownFileType = file; path = "Quicksand-Regular.ttf"; sourceTree = "<group>"; };
		C82039DE2B1CC4B7000EEF61 /* Quicksand-SemiBold.ttf */ = {isa = PBXFileReference; lastKnownFileType = file; path = "Quicksand-SemiBold.ttf"; sourceTree = "<group>"; };
		C82039DF2B1CC4B7000EEF61 /* Quicksand-Bold.ttf */ = {isa = PBXFileReference; lastKnownFileType = file; path = "Quicksand-Bold.ttf"; sourceTree = "<group>"; };
		C82039E32B1CC4D6000EEF61 /* DMSerifDisplay-Regular.ttf */ = {isa = PBXFileReference; lastKnownFileType = file; path = "DMSerifDisplay-Regular.ttf"; sourceTree = "<group>"; };
		C82039E52B1CC508000EEF61 /* Info.plist */ = {isa = PBXFileReference; lastKnownFileType = text.plist; path = Info.plist; sourceTree = "<group>"; };
		C82039E82B1CC653000EEF61 /* Font+CustomFonts.swift */ = {isa = PBXFileReference; lastKnownFileType = sourcecode.swift; path = "Font+CustomFonts.swift"; sourceTree = "<group>"; };
		C82039EA2B1CCB6D000EEF61 /* Color+CustomColors.swift */ = {isa = PBXFileReference; lastKnownFileType = sourcecode.swift; path = "Color+CustomColors.swift"; sourceTree = "<group>"; };
		C82039EE2B1CCCAF000EEF61 /* AppBtnFilled.swift */ = {isa = PBXFileReference; lastKnownFileType = sourcecode.swift; path = AppBtnFilled.swift; sourceTree = "<group>"; };
		C82039F62B1CDB4F000EEF61 /* NatPint.json */ = {isa = PBXFileReference; lastKnownFileType = text.json; path = NatPint.json; sourceTree = "<group>"; };
		C82039F92B1CE1C7000EEF61 /* NatPintVO.swift */ = {isa = PBXFileReference; lastKnownFileType = sourcecode.swift; path = NatPintVO.swift; sourceTree = "<group>"; };
		C82039FB2B1CE2B4000EEF61 /* Bundle+Decode.swift */ = {isa = PBXFileReference; lastKnownFileType = sourcecode.swift; path = "Bundle+Decode.swift"; sourceTree = "<group>"; };
		C83961B12B4053E900E189D9 /* View+Preview.swift */ = {isa = PBXFileReference; lastKnownFileType = sourcecode.swift; path = "View+Preview.swift"; sourceTree = "<group>"; };
		C83961B52B40578200E189D9 /* SafeAreaInsets.swift */ = {isa = PBXFileReference; lastKnownFileType = sourcecode.swift; path = SafeAreaInsets.swift; sourceTree = "<group>"; };
		C83E27EF2B2DDAB20038EDF1 /* LocalizedText.swift */ = {isa = PBXFileReference; lastKnownFileType = sourcecode.swift; path = LocalizedText.swift; sourceTree = "<group>"; };
		C83E27F12B2DDACC0038EDF1 /* LocalizedNavTitle.swift */ = {isa = PBXFileReference; lastKnownFileType = sourcecode.swift; path = LocalizedNavTitle.swift; sourceTree = "<group>"; };
		C83E27F32B2DDC9B0038EDF1 /* LocalizedButton.swift */ = {isa = PBXFileReference; lastKnownFileType = sourcecode.swift; path = LocalizedButton.swift; sourceTree = "<group>"; };
		C84240BB2B2DD29300A2B234 /* Language.json */ = {isa = PBXFileReference; lastKnownFileType = text.json; path = Language.json; sourceTree = "<group>"; };
		C84240BD2B2DD31700A2B234 /* LocalizedComponents.swift */ = {isa = PBXFileReference; lastKnownFileType = sourcecode.swift; path = LocalizedComponents.swift; sourceTree = "<group>"; };
		C84240BF2B2DD34900A2B234 /* LocalizedKey.swift */ = {isa = PBXFileReference; lastKnownFileType = sourcecode.swift; path = LocalizedKey.swift; sourceTree = "<group>"; };
		C84626B42B222B6B000931AE /* HomeScreen.swift */ = {isa = PBXFileReference; lastKnownFileType = sourcecode.swift; path = HomeScreen.swift; sourceTree = "<group>"; };
		C8A342512B3E70C800B24F7C /* HapticKit.swift */ = {isa = PBXFileReference; lastKnownFileType = sourcecode.swift; path = HapticKit.swift; sourceTree = "<group>"; };
		C8AAE0172B2D784900BE54CA /* ChooseLanguageScreen.swift */ = {isa = PBXFileReference; lastKnownFileType = sourcecode.swift; path = ChooseLanguageScreen.swift; sourceTree = "<group>"; };
		C8AAE0192B2D7B5F00BE54CA /* AppLanguage.swift */ = {isa = PBXFileReference; lastKnownFileType = sourcecode.swift; path = AppLanguage.swift; sourceTree = "<group>"; };
		C8AAE01D2B2DB84200BE54CA /* Optional.swift */ = {isa = PBXFileReference; lastKnownFileType = sourcecode.swift; path = Optional.swift; sourceTree = "<group>"; };
		C8BBB3642B482C0100F3828C /* LocalizedToggle.swift */ = {isa = PBXFileReference; lastKnownFileType = sourcecode.swift; path = LocalizedToggle.swift; sourceTree = "<group>"; };
		C8BBB3672B48534400F3828C /* CommonPrayerParagraphView.swift */ = {isa = PBXFileReference; lastKnownFileType = sourcecode.swift; path = CommonPrayerParagraphView.swift; sourceTree = "<group>"; };
		C8BBB3692B485AE900F3828C /* CommonPrayerModel.swift */ = {isa = PBXFileReference; lastKnownFileType = sourcecode.swift; path = CommonPrayerModel.swift; sourceTree = "<group>"; };
		C8BBB36B2B48616F00F3828C /* ScrollViewReaderDemoView.swift */ = {isa = PBXFileReference; lastKnownFileType = sourcecode.swift; path = ScrollViewReaderDemoView.swift; sourceTree = "<group>"; };
		C8BBB36D2B48713000F3828C /* Measure.swift */ = {isa = PBXFileReference; lastKnownFileType = sourcecode.swift; path = Measure.swift; sourceTree = "<group>"; };
		C8BBB36F2B49108F00F3828C /* SpotlightScrollManager.swift */ = {isa = PBXFileReference; lastKnownFileType = sourcecode.swift; path = SpotlightScrollManager.swift; sourceTree = "<group>"; };
		C8CA45BC2B41251E00240DA7 /* CommonPrayerScreen.swift */ = {isa = PBXFileReference; lastKnownFileType = sourcecode.swift; path = CommonPrayerScreen.swift; sourceTree = "<group>"; };
		C8CA45BE2B41295300240DA7 /* LocalizedLabel.swift */ = {isa = PBXFileReference; lastKnownFileType = sourcecode.swift; path = LocalizedLabel.swift; sourceTree = "<group>"; };
		C8CA45C42B4136CC00240DA7 /* AboutPrayerScreen.swift */ = {isa = PBXFileReference; lastKnownFileType = sourcecode.swift; path = AboutPrayerScreen.swift; sourceTree = "<group>"; };
		C8CA45C72B413ADD00240DA7 /* ThemesAndSettingsScreen.swift */ = {isa = PBXFileReference; lastKnownFileType = sourcecode.swift; path = ThemesAndSettingsScreen.swift; sourceTree = "<group>"; };
		C8CA45C92B41415200240DA7 /* BtnCloseCircle.swift */ = {isa = PBXFileReference; lastKnownFileType = sourcecode.swift; path = BtnCloseCircle.swift; sourceTree = "<group>"; };
		C8CA45D12B41468100240DA7 /* MyanmarSquare.ttf */ = {isa = PBXFileReference; lastKnownFileType = file; path = MyanmarSquare.ttf; sourceTree = "<group>"; };
		C8CA45D52B4146F400240DA7 /* YoeYar-One.ttf */ = {isa = PBXFileReference; lastKnownFileType = file; path = "YoeYar-One.ttf"; sourceTree = "<group>"; };
		C8CA45E02B4147D600240DA7 /* Jasmine_Unicode.ttf */ = {isa = PBXFileReference; lastKnownFileType = file; path = Jasmine_Unicode.ttf; sourceTree = "<group>"; };
		C8CA45E32B414A4D00240DA7 /* MyanmarFont.swift */ = {isa = PBXFileReference; lastKnownFileType = sourcecode.swift; path = MyanmarFont.swift; sourceTree = "<group>"; };
		C8CA45E52B4152AC00240DA7 /* PageColor.swift */ = {isa = PBXFileReference; lastKnownFileType = sourcecode.swift; path = PageColor.swift; sourceTree = "<group>"; };
		C8D6527E2B2E02DB00BB6C42 /* PositionObservingView.swift */ = {isa = PBXFileReference; lastKnownFileType = sourcecode.swift; path = PositionObservingView.swift; sourceTree = "<group>"; };
		C8D652802B2E0A3800BB6C42 /* HomeListItemView.swift */ = {isa = PBXFileReference; lastKnownFileType = sourcecode.swift; path = HomeListItemView.swift; sourceTree = "<group>"; };
		C8D652842B2E0BDB00BB6C42 /* TabScreen.swift */ = {isa = PBXFileReference; lastKnownFileType = sourcecode.swift; path = TabScreen.swift; sourceTree = "<group>"; };
		C8D652872B2E0F1D00BB6C42 /* SettingsScreen.swift */ = {isa = PBXFileReference; lastKnownFileType = sourcecode.swift; path = SettingsScreen.swift; sourceTree = "<group>"; };
		C8D652952B2EA6BD00BB6C42 /* AppColor.swift */ = {isa = PBXFileReference; lastKnownFileType = sourcecode.swift; path = AppColor.swift; sourceTree = "<group>"; };
		C8D6529A2B2EA76500BB6C42 /* ChooseColorScreen.swift */ = {isa = PBXFileReference; lastKnownFileType = sourcecode.swift; path = ChooseColorScreen.swift; sourceTree = "<group>"; };
		C8D6529C2B2EE5AB00BB6C42 /* CustomCornerView.swift */ = {isa = PBXFileReference; lastKnownFileType = sourcecode.swift; path = CustomCornerView.swift; sourceTree = "<group>"; };
		C8D730B22B46D42500D19D57 /* OverflowContentViewModifier.swift */ = {isa = PBXFileReference; lastKnownFileType = sourcecode.swift; path = OverflowContentViewModifier.swift; sourceTree = "<group>"; };
/* End PBXFileReference section */

/* Begin PBXFrameworksBuildPhase section */
		C82039A72B1CABE4000EEF61 /* Frameworks */ = {
			isa = PBXFrameworksBuildPhase;
			buildActionMask = 2147483647;
			files = (
				C82039F22B1CCF13000EEF61 /* SwiftUIBackports in Frameworks */,
				C8D730B92B46F74900D19D57 /* CompactSlider in Frameworks */,
				C8CA45C22B41304100240DA7 /* NavigationTransitions in Frameworks */,
			);
			runOnlyForDeploymentPostprocessing = 0;
		};
		C82039B72B1CABE6000EEF61 /* Frameworks */ = {
			isa = PBXFrameworksBuildPhase;
			buildActionMask = 2147483647;
			files = (
			);
			runOnlyForDeploymentPostprocessing = 0;
		};
		C82039C12B1CABE6000EEF61 /* Frameworks */ = {
			isa = PBXFrameworksBuildPhase;
			buildActionMask = 2147483647;
			files = (
			);
			runOnlyForDeploymentPostprocessing = 0;
		};
/* End PBXFrameworksBuildPhase section */

/* Begin PBXGroup section */
		C80287452B49410400F165DF /* App */ = {
			isa = PBXGroup;
			children = (
				C8AAE0192B2D7B5F00BE54CA /* AppLanguage.swift */,
				C8D652952B2EA6BD00BB6C42 /* AppColor.swift */,
				C8CA45E32B414A4D00240DA7 /* MyanmarFont.swift */,
				C8CA45E52B4152AC00240DA7 /* PageColor.swift */,
				C80287482B4A866E00F165DF /* ScrollingSpeed.swift */,
			);
			path = App;
			sourceTree = "<group>";
		};
		C81E927B2B2DC94C00F4ED9E /* Managers */ = {
			isa = PBXGroup;
			children = (
				C81E927C2B2DCD0200F4ED9E /* UserPreferences.swift */,
				C8BBB36F2B49108F00F3828C /* SpotlightScrollManager.swift */,
			);
			path = Managers;
			sourceTree = "<group>";
		};
		C81E927E2B2DCDAD00F4ED9E /* Models */ = {
			isa = PBXGroup;
			children = (
				C80287432B4940ED00F165DF /* CommonPrayerProtocol.swift */,
				C8A3424B2B3E6C8F00B24F7C /* PhayarSar */,
				C80287452B49410400F165DF /* App */,
			);
			path = Models;
			sourceTree = "<group>";
		};
		C82039A12B1CABE4000EEF61 = {
			isa = PBXGroup;
			children = (
				C82039AC2B1CABE4000EEF61 /* PhayarSar */,
				C82039BD2B1CABE6000EEF61 /* PhayarSarTests */,
				C82039C72B1CABE6000EEF61 /* PhayarSarUITests */,
				C82039AB2B1CABE4000EEF61 /* Products */,
			);
			sourceTree = "<group>";
		};
		C82039AB2B1CABE4000EEF61 /* Products */ = {
			isa = PBXGroup;
			children = (
				C82039AA2B1CABE4000EEF61 /* PhayarSar.app */,
				C82039BA2B1CABE6000EEF61 /* PhayarSarTests.xctest */,
				C82039C42B1CABE6000EEF61 /* PhayarSarUITests.xctest */,
			);
			name = Products;
			sourceTree = "<group>";
		};
		C82039AC2B1CABE4000EEF61 /* PhayarSar */ = {
			isa = PBXGroup;
			children = (
				C82039AF2B1CABE4000EEF61 /* ContentView.swift */,
				C82039AD2B1CABE4000EEF61 /* PhayarSarApp.swift */,
				C81E927E2B2DCDAD00F4ED9E /* Models */,
				C81E927B2B2DC94C00F4ED9E /* Managers */,
				C82039ED2B1CCCA1000EEF61 /* Components */,
				C82039E62B1CC63D000EEF61 /* Utils */,
				C82039D72B1CC2E9000EEF61 /* Features */,
				C82039DB2B1CC48C000EEF61 /* Resources */,
				C82039E52B1CC508000EEF61 /* Info.plist */,
				C82039B32B1CABE6000EEF61 /* Preview Content */,
			);
			path = PhayarSar;
			sourceTree = "<group>";
		};
		C82039B32B1CABE6000EEF61 /* Preview Content */ = {
			isa = PBXGroup;
			children = (
				C82039B42B1CABE6000EEF61 /* Preview Assets.xcassets */,
			);
			path = "Preview Content";
			sourceTree = "<group>";
		};
		C82039BD2B1CABE6000EEF61 /* PhayarSarTests */ = {
			isa = PBXGroup;
			children = (
				C82039BE2B1CABE6000EEF61 /* PhayarSarTests.swift */,
			);
			path = PhayarSarTests;
			sourceTree = "<group>";
		};
		C82039C72B1CABE6000EEF61 /* PhayarSarUITests */ = {
			isa = PBXGroup;
			children = (
				C82039C82B1CABE6000EEF61 /* PhayarSarUITests.swift */,
				C82039CA2B1CABE6000EEF61 /* PhayarSarUITestsLaunchTests.swift */,
			);
			path = PhayarSarUITests;
			sourceTree = "<group>";
		};
		C82039D72B1CC2E9000EEF61 /* Features */ = {
			isa = PBXGroup;
			children = (
				C8CA45C62B413AD300240DA7 /* ThemesAndSettings */,
				C8CA45C32B4136BD00240DA7 /* AboutPrayer */,
				C8CA45BB2B4124F600240DA7 /* CommonPrayer */,
				C8D652972B2EA75400BB6C42 /* ChooseColor */,
				C8D652822B2E0BC200BB6C42 /* Tab */,
				C8AAE0162B2D783D00BE54CA /* ChooseLangauge */,
				C82039D82B1CC2F3000EEF61 /* Onboarding */,
				C84626B32B222B57000931AE /* Home */,
				C8D652862B2E0F1400BB6C42 /* Settings */,
			);
			path = Features;
			sourceTree = "<group>";
		};
		C82039D82B1CC2F3000EEF61 /* Onboarding */ = {
			isa = PBXGroup;
			children = (
				C82039D92B1CC30A000EEF61 /* OnboardingScreen.swift */,
			);
			path = Onboarding;
			sourceTree = "<group>";
		};
		C82039DB2B1CC48C000EEF61 /* Resources */ = {
			isa = PBXGroup;
			children = (
				C82039DC2B1CC499000EEF61 /* Fonts */,
				C82039B12B1CABE6000EEF61 /* Assets.xcassets */,
				C82039F62B1CDB4F000EEF61 /* NatPint.json */,
				C84240BB2B2DD29300A2B234 /* Language.json */,
			);
			path = Resources;
			sourceTree = "<group>";
		};
		C82039DC2B1CC499000EEF61 /* Fonts */ = {
			isa = PBXGroup;
			children = (
				C8CA45E02B4147D600240DA7 /* Jasmine_Unicode.ttf */,
				C8CA45D12B41468100240DA7 /* MyanmarSquare.ttf */,
				C8CA45D52B4146F400240DA7 /* YoeYar-One.ttf */,
				C82039E32B1CC4D6000EEF61 /* DMSerifDisplay-Regular.ttf */,
				C82039DF2B1CC4B7000EEF61 /* Quicksand-Bold.ttf */,
				C82039DD2B1CC4B7000EEF61 /* Quicksand-Regular.ttf */,
				C82039DE2B1CC4B7000EEF61 /* Quicksand-SemiBold.ttf */,
			);
			path = Fonts;
			sourceTree = "<group>";
		};
		C82039E62B1CC63D000EEF61 /* Utils */ = {
			isa = PBXGroup;
			children = (
				C83E27EE2B2DDAA60038EDF1 /* Localization */,
				C82039E72B1CC64A000EEF61 /* Extensions */,
				C8D6527E2B2E02DB00BB6C42 /* PositionObservingView.swift */,
				C8D6529C2B2EE5AB00BB6C42 /* CustomCornerView.swift */,
				C8A342512B3E70C800B24F7C /* HapticKit.swift */,
				C8D730B22B46D42500D19D57 /* OverflowContentViewModifier.swift */,
				C8BBB36D2B48713000F3828C /* Measure.swift */,
			);
			path = Utils;
			sourceTree = "<group>";
		};
		C82039E72B1CC64A000EEF61 /* Extensions */ = {
			isa = PBXGroup;
			children = (
				C82039E82B1CC653000EEF61 /* Font+CustomFonts.swift */,
				C82039EA2B1CCB6D000EEF61 /* Color+CustomColors.swift */,
				C82039FB2B1CE2B4000EEF61 /* Bundle+Decode.swift */,
				C8AAE01D2B2DB84200BE54CA /* Optional.swift */,
				C83961B12B4053E900E189D9 /* View+Preview.swift */,
				C83961B52B40578200E189D9 /* SafeAreaInsets.swift */,
			);
			path = Extensions;
			sourceTree = "<group>";
		};
		C82039ED2B1CCCA1000EEF61 /* Components */ = {
			isa = PBXGroup;
			children = (
				C82039EE2B1CCCAF000EEF61 /* AppBtnFilled.swift */,
				C8CA45C92B41415200240DA7 /* BtnCloseCircle.swift */,
			);
			path = Components;
			sourceTree = "<group>";
		};
		C83E27EE2B2DDAA60038EDF1 /* Localization */ = {
			isa = PBXGroup;
			children = (
				C84240BF2B2DD34900A2B234 /* LocalizedKey.swift */,
				C83E27EF2B2DDAB20038EDF1 /* LocalizedText.swift */,
				C83E27F32B2DDC9B0038EDF1 /* LocalizedButton.swift */,
				C83E27F12B2DDACC0038EDF1 /* LocalizedNavTitle.swift */,
				C84240BD2B2DD31700A2B234 /* LocalizedComponents.swift */,
				C8CA45BE2B41295300240DA7 /* LocalizedLabel.swift */,
				C8BBB3642B482C0100F3828C /* LocalizedToggle.swift */,
			);
			path = Localization;
			sourceTree = "<group>";
		};
		C84626B32B222B57000931AE /* Home */ = {
			isa = PBXGroup;
			children = (
				C84626B42B222B6B000931AE /* HomeScreen.swift */,
				C8D652802B2E0A3800BB6C42 /* HomeListItemView.swift */,
			);
			path = Home;
			sourceTree = "<group>";
		};
		C8A3424B2B3E6C8F00B24F7C /* PhayarSar */ = {
			isa = PBXGroup;
			children = (
				C82039F92B1CE1C7000EEF61 /* NatPintVO.swift */,
			);
			path = PhayarSar;
			sourceTree = "<group>";
		};
		C8AAE0162B2D783D00BE54CA /* ChooseLangauge */ = {
			isa = PBXGroup;
			children = (
				C8AAE0172B2D784900BE54CA /* ChooseLanguageScreen.swift */,
			);
			path = ChooseLangauge;
			sourceTree = "<group>";
		};
		C8BBB3662B48532B00F3828C /* Views */ = {
			isa = PBXGroup;
			children = (
				C8BBB3672B48534400F3828C /* CommonPrayerParagraphView.swift */,
				C80287462B4A5F3600F165DF /* PrayingProgressView.swift */,
			);
			path = Views;
			sourceTree = "<group>";
		};
		C8CA45BB2B4124F600240DA7 /* CommonPrayer */ = {
			isa = PBXGroup;
			children = (
				C8BBB3662B48532B00F3828C /* Views */,
				C8CA45BC2B41251E00240DA7 /* CommonPrayerScreen.swift */,
				C8BBB3692B485AE900F3828C /* CommonPrayerModel.swift */,
				C8BBB36B2B48616F00F3828C /* ScrollViewReaderDemoView.swift */,
			);
			path = CommonPrayer;
			sourceTree = "<group>";
		};
		C8CA45C32B4136BD00240DA7 /* AboutPrayer */ = {
			isa = PBXGroup;
			children = (
				C8CA45C42B4136CC00240DA7 /* AboutPrayerScreen.swift */,
			);
			path = AboutPrayer;
			sourceTree = "<group>";
		};
		C8CA45C62B413AD300240DA7 /* ThemesAndSettings */ = {
			isa = PBXGroup;
			children = (
				C8CA45C72B413ADD00240DA7 /* ThemesAndSettingsScreen.swift */,
			);
			path = ThemesAndSettings;
			sourceTree = "<group>";
		};
		C8D652822B2E0BC200BB6C42 /* Tab */ = {
			isa = PBXGroup;
			children = (
				C8D652842B2E0BDB00BB6C42 /* TabScreen.swift */,
			);
			path = Tab;
			sourceTree = "<group>";
		};
		C8D652862B2E0F1400BB6C42 /* Settings */ = {
			isa = PBXGroup;
			children = (
				C8D652872B2E0F1D00BB6C42 /* SettingsScreen.swift */,
			);
			path = Settings;
			sourceTree = "<group>";
		};
		C8D652972B2EA75400BB6C42 /* ChooseColor */ = {
			isa = PBXGroup;
			children = (
				C8D6529A2B2EA76500BB6C42 /* ChooseColorScreen.swift */,
			);
			path = ChooseColor;
			sourceTree = "<group>";
		};
/* End PBXGroup section */

/* Begin PBXNativeTarget section */
		C82039A92B1CABE4000EEF61 /* PhayarSar */ = {
			isa = PBXNativeTarget;
			buildConfigurationList = C82039CE2B1CABE6000EEF61 /* Build configuration list for PBXNativeTarget "PhayarSar" */;
			buildPhases = (
				C82039A62B1CABE4000EEF61 /* Sources */,
				C82039A72B1CABE4000EEF61 /* Frameworks */,
				C82039A82B1CABE4000EEF61 /* Resources */,
			);
			buildRules = (
			);
			dependencies = (
			);
			name = PhayarSar;
			packageProductDependencies = (
				C82039F12B1CCF13000EEF61 /* SwiftUIBackports */,
				C8CA45C12B41304100240DA7 /* NavigationTransitions */,
				C8D730B82B46F74900D19D57 /* CompactSlider */,
			);
			productName = PhayarSar;
			productReference = C82039AA2B1CABE4000EEF61 /* PhayarSar.app */;
			productType = "com.apple.product-type.application";
		};
		C82039B92B1CABE6000EEF61 /* PhayarSarTests */ = {
			isa = PBXNativeTarget;
			buildConfigurationList = C82039D12B1CABE6000EEF61 /* Build configuration list for PBXNativeTarget "PhayarSarTests" */;
			buildPhases = (
				C82039B62B1CABE6000EEF61 /* Sources */,
				C82039B72B1CABE6000EEF61 /* Frameworks */,
				C82039B82B1CABE6000EEF61 /* Resources */,
			);
			buildRules = (
			);
			dependencies = (
				C82039BC2B1CABE6000EEF61 /* PBXTargetDependency */,
			);
			name = PhayarSarTests;
			productName = PhayarSarTests;
			productReference = C82039BA2B1CABE6000EEF61 /* PhayarSarTests.xctest */;
			productType = "com.apple.product-type.bundle.unit-test";
		};
		C82039C32B1CABE6000EEF61 /* PhayarSarUITests */ = {
			isa = PBXNativeTarget;
			buildConfigurationList = C82039D42B1CABE6000EEF61 /* Build configuration list for PBXNativeTarget "PhayarSarUITests" */;
			buildPhases = (
				C82039C02B1CABE6000EEF61 /* Sources */,
				C82039C12B1CABE6000EEF61 /* Frameworks */,
				C82039C22B1CABE6000EEF61 /* Resources */,
			);
			buildRules = (
			);
			dependencies = (
				C82039C62B1CABE6000EEF61 /* PBXTargetDependency */,
			);
			name = PhayarSarUITests;
			productName = PhayarSarUITests;
			productReference = C82039C42B1CABE6000EEF61 /* PhayarSarUITests.xctest */;
			productType = "com.apple.product-type.bundle.ui-testing";
		};
/* End PBXNativeTarget section */

/* Begin PBXProject section */
		C82039A22B1CABE4000EEF61 /* Project object */ = {
			isa = PBXProject;
			attributes = {
				BuildIndependentTargetsInParallel = 1;
				LastSwiftUpdateCheck = 1500;
				LastUpgradeCheck = 1500;
				TargetAttributes = {
					C82039A92B1CABE4000EEF61 = {
						CreatedOnToolsVersion = 15.0.1;
					};
					C82039B92B1CABE6000EEF61 = {
						CreatedOnToolsVersion = 15.0.1;
						TestTargetID = C82039A92B1CABE4000EEF61;
					};
					C82039C32B1CABE6000EEF61 = {
						CreatedOnToolsVersion = 15.0.1;
						TestTargetID = C82039A92B1CABE4000EEF61;
					};
				};
			};
			buildConfigurationList = C82039A52B1CABE4000EEF61 /* Build configuration list for PBXProject "PhayarSar" */;
			compatibilityVersion = "Xcode 14.0";
			developmentRegion = en;
			hasScannedForEncodings = 0;
			knownRegions = (
				en,
				Base,
			);
			mainGroup = C82039A12B1CABE4000EEF61;
			packageReferences = (
				C82039F02B1CCF13000EEF61 /* XCRemoteSwiftPackageReference "SwiftUIBackports" */,
				C8CA45C02B41304100240DA7 /* XCRemoteSwiftPackageReference "swiftui-navigation-transitions" */,
				C8D730B72B46F74900D19D57 /* XCRemoteSwiftPackageReference "CompactSlider" */,
			);
			productRefGroup = C82039AB2B1CABE4000EEF61 /* Products */;
			projectDirPath = "";
			projectRoot = "";
			targets = (
				C82039A92B1CABE4000EEF61 /* PhayarSar */,
				C82039B92B1CABE6000EEF61 /* PhayarSarTests */,
				C82039C32B1CABE6000EEF61 /* PhayarSarUITests */,
			);
		};
/* End PBXProject section */

/* Begin PBXResourcesBuildPhase section */
		C82039A82B1CABE4000EEF61 /* Resources */ = {
			isa = PBXResourcesBuildPhase;
			buildActionMask = 2147483647;
			files = (
				C82039B52B1CABE6000EEF61 /* Preview Assets.xcassets in Resources */,
				C84240BC2B2DD29300A2B234 /* Language.json in Resources */,
				C82039E12B1CC4B7000EEF61 /* Quicksand-SemiBold.ttf in Resources */,
				C82039E02B1CC4B7000EEF61 /* Quicksand-Regular.ttf in Resources */,
				C82039B22B1CABE6000EEF61 /* Assets.xcassets in Resources */,
				C8CA45D62B4146F400240DA7 /* YoeYar-One.ttf in Resources */,
				C82039F72B1CDB4F000EEF61 /* NatPint.json in Resources */,
				C82039E22B1CC4B7000EEF61 /* Quicksand-Bold.ttf in Resources */,
				C82039E42B1CC4D6000EEF61 /* DMSerifDisplay-Regular.ttf in Resources */,
				C8CA45D22B41468100240DA7 /* MyanmarSquare.ttf in Resources */,
			);
			runOnlyForDeploymentPostprocessing = 0;
		};
		C82039B82B1CABE6000EEF61 /* Resources */ = {
			isa = PBXResourcesBuildPhase;
			buildActionMask = 2147483647;
			files = (
			);
			runOnlyForDeploymentPostprocessing = 0;
		};
		C82039C22B1CABE6000EEF61 /* Resources */ = {
			isa = PBXResourcesBuildPhase;
			buildActionMask = 2147483647;
			files = (
			);
			runOnlyForDeploymentPostprocessing = 0;
		};
/* End PBXResourcesBuildPhase section */

/* Begin PBXSourcesBuildPhase section */
		C82039A62B1CABE4000EEF61 /* Sources */ = {
			isa = PBXSourcesBuildPhase;
			buildActionMask = 2147483647;
			files = (
				C83E27F02B2DDAB20038EDF1 /* LocalizedText.swift in Sources */,
				C8BBB36E2B48713000F3828C /* Measure.swift in Sources */,
				C82039E92B1CC653000EEF61 /* Font+CustomFonts.swift in Sources */,
				C8CA45C82B413ADD00240DA7 /* ThemesAndSettingsScreen.swift in Sources */,
				C84240BE2B2DD31700A2B234 /* LocalizedComponents.swift in Sources */,
				C8BBB3652B482C0100F3828C /* LocalizedToggle.swift in Sources */,
				C8A342522B3E70C800B24F7C /* HapticKit.swift in Sources */,
				C8BBB3702B49108F00F3828C /* SpotlightScrollManager.swift in Sources */,
				C82039B02B1CABE4000EEF61 /* ContentView.swift in Sources */,
				C8CA45BD2B41251E00240DA7 /* CommonPrayerScreen.swift in Sources */,
				C80287442B4940ED00F165DF /* CommonPrayerProtocol.swift in Sources */,
				C83961B62B40578200E189D9 /* SafeAreaInsets.swift in Sources */,
				C8D6529D2B2EE5AB00BB6C42 /* CustomCornerView.swift in Sources */,
				C8CA45C52B4136CC00240DA7 /* AboutPrayerScreen.swift in Sources */,
				C80287472B4A5F3600F165DF /* PrayingProgressView.swift in Sources */,
				C8AAE01E2B2DB84200BE54CA /* Optional.swift in Sources */,
				C8BBB36A2B485AE900F3828C /* CommonPrayerModel.swift in Sources */,
				C8AAE01A2B2D7B5F00BE54CA /* AppLanguage.swift in Sources */,
				C82039AE2B1CABE4000EEF61 /* PhayarSarApp.swift in Sources */,
				C82039EB2B1CCB6D000EEF61 /* Color+CustomColors.swift in Sources */,
				C83E27F22B2DDACC0038EDF1 /* LocalizedNavTitle.swift in Sources */,
				C82039FC2B1CE2B4000EEF61 /* Bundle+Decode.swift in Sources */,
				C8D652812B2E0A3800BB6C42 /* HomeListItemView.swift in Sources */,
				C80287492B4A866E00F165DF /* ScrollingSpeed.swift in Sources */,
				C84626B52B222B6B000931AE /* HomeScreen.swift in Sources */,
				C8D6529B2B2EA76500BB6C42 /* ChooseColorScreen.swift in Sources */,
				C81E927D2B2DCD0200F4ED9E /* UserPreferences.swift in Sources */,
				C83961B22B4053E900E189D9 /* View+Preview.swift in Sources */,
				C8D6527F2B2E02DB00BB6C42 /* PositionObservingView.swift in Sources */,
				C8CA45CA2B41415200240DA7 /* BtnCloseCircle.swift in Sources */,
				C8CA45E62B4152AC00240DA7 /* PageColor.swift in Sources */,
				C8D652962B2EA6BD00BB6C42 /* AppColor.swift in Sources */,
				C8CA45E42B414A4D00240DA7 /* MyanmarFont.swift in Sources */,
				C8D652882B2E0F1D00BB6C42 /* SettingsScreen.swift in Sources */,
				C8D730B32B46D42500D19D57 /* OverflowContentViewModifier.swift in Sources */,
				C8BBB36C2B48616F00F3828C /* ScrollViewReaderDemoView.swift in Sources */,
				C82039FA2B1CE1C7000EEF61 /* NatPintVO.swift in Sources */,
				C84240C02B2DD34900A2B234 /* LocalizedKey.swift in Sources */,
				C8CA45BF2B41295300240DA7 /* LocalizedLabel.swift in Sources */,
				C8D652852B2E0BDB00BB6C42 /* TabScreen.swift in Sources */,
				C82039EF2B1CCCAF000EEF61 /* AppBtnFilled.swift in Sources */,
				C8BBB3682B48534400F3828C /* CommonPrayerParagraphView.swift in Sources */,
				C82039DA2B1CC30A000EEF61 /* OnboardingScreen.swift in Sources */,
				C8AAE0182B2D784900BE54CA /* ChooseLanguageScreen.swift in Sources */,
				C83E27F42B2DDC9B0038EDF1 /* LocalizedButton.swift in Sources */,
			);
			runOnlyForDeploymentPostprocessing = 0;
		};
		C82039B62B1CABE6000EEF61 /* Sources */ = {
			isa = PBXSourcesBuildPhase;
			buildActionMask = 2147483647;
			files = (
				C82039BF2B1CABE6000EEF61 /* PhayarSarTests.swift in Sources */,
			);
			runOnlyForDeploymentPostprocessing = 0;
		};
		C82039C02B1CABE6000EEF61 /* Sources */ = {
			isa = PBXSourcesBuildPhase;
			buildActionMask = 2147483647;
			files = (
				C82039CB2B1CABE6000EEF61 /* PhayarSarUITestsLaunchTests.swift in Sources */,
				C82039C92B1CABE6000EEF61 /* PhayarSarUITests.swift in Sources */,
			);
			runOnlyForDeploymentPostprocessing = 0;
		};
/* End PBXSourcesBuildPhase section */

/* Begin PBXTargetDependency section */
		C82039BC2B1CABE6000EEF61 /* PBXTargetDependency */ = {
			isa = PBXTargetDependency;
			target = C82039A92B1CABE4000EEF61 /* PhayarSar */;
			targetProxy = C82039BB2B1CABE6000EEF61 /* PBXContainerItemProxy */;
		};
		C82039C62B1CABE6000EEF61 /* PBXTargetDependency */ = {
			isa = PBXTargetDependency;
			target = C82039A92B1CABE4000EEF61 /* PhayarSar */;
			targetProxy = C82039C52B1CABE6000EEF61 /* PBXContainerItemProxy */;
		};
/* End PBXTargetDependency section */

/* Begin XCBuildConfiguration section */
		C82039CC2B1CABE6000EEF61 /* Debug */ = {
			isa = XCBuildConfiguration;
			buildSettings = {
				ALWAYS_SEARCH_USER_PATHS = NO;
				ASSETCATALOG_COMPILER_GENERATE_SWIFT_ASSET_SYMBOL_EXTENSIONS = YES;
				CLANG_ANALYZER_NONNULL = YES;
				CLANG_ANALYZER_NUMBER_OBJECT_CONVERSION = YES_AGGRESSIVE;
				CLANG_CXX_LANGUAGE_STANDARD = "gnu++20";
				CLANG_ENABLE_MODULES = YES;
				CLANG_ENABLE_OBJC_ARC = YES;
				CLANG_ENABLE_OBJC_WEAK = YES;
				CLANG_WARN_BLOCK_CAPTURE_AUTORELEASING = YES;
				CLANG_WARN_BOOL_CONVERSION = YES;
				CLANG_WARN_COMMA = YES;
				CLANG_WARN_CONSTANT_CONVERSION = YES;
				CLANG_WARN_DEPRECATED_OBJC_IMPLEMENTATIONS = YES;
				CLANG_WARN_DIRECT_OBJC_ISA_USAGE = YES_ERROR;
				CLANG_WARN_DOCUMENTATION_COMMENTS = YES;
				CLANG_WARN_EMPTY_BODY = YES;
				CLANG_WARN_ENUM_CONVERSION = YES;
				CLANG_WARN_INFINITE_RECURSION = YES;
				CLANG_WARN_INT_CONVERSION = YES;
				CLANG_WARN_NON_LITERAL_NULL_CONVERSION = YES;
				CLANG_WARN_OBJC_IMPLICIT_RETAIN_SELF = YES;
				CLANG_WARN_OBJC_LITERAL_CONVERSION = YES;
				CLANG_WARN_OBJC_ROOT_CLASS = YES_ERROR;
				CLANG_WARN_QUOTED_INCLUDE_IN_FRAMEWORK_HEADER = YES;
				CLANG_WARN_RANGE_LOOP_ANALYSIS = YES;
				CLANG_WARN_STRICT_PROTOTYPES = YES;
				CLANG_WARN_SUSPICIOUS_MOVE = YES;
				CLANG_WARN_UNGUARDED_AVAILABILITY = YES_AGGRESSIVE;
				CLANG_WARN_UNREACHABLE_CODE = YES;
				CLANG_WARN__DUPLICATE_METHOD_MATCH = YES;
				COPY_PHASE_STRIP = NO;
				DEBUG_INFORMATION_FORMAT = dwarf;
				ENABLE_STRICT_OBJC_MSGSEND = YES;
				ENABLE_TESTABILITY = YES;
				ENABLE_USER_SCRIPT_SANDBOXING = YES;
				GCC_C_LANGUAGE_STANDARD = gnu17;
				GCC_DYNAMIC_NO_PIC = NO;
				GCC_NO_COMMON_BLOCKS = YES;
				GCC_OPTIMIZATION_LEVEL = 0;
				GCC_PREPROCESSOR_DEFINITIONS = (
					"DEBUG=1",
					"$(inherited)",
				);
				GCC_WARN_64_TO_32_BIT_CONVERSION = YES;
				GCC_WARN_ABOUT_RETURN_TYPE = YES_ERROR;
				GCC_WARN_UNDECLARED_SELECTOR = YES;
				GCC_WARN_UNINITIALIZED_AUTOS = YES_AGGRESSIVE;
				GCC_WARN_UNUSED_FUNCTION = YES;
				GCC_WARN_UNUSED_VARIABLE = YES;
				IPHONEOS_DEPLOYMENT_TARGET = 17.0;
				LOCALIZATION_PREFERS_STRING_CATALOGS = YES;
				MTL_ENABLE_DEBUG_INFO = INCLUDE_SOURCE;
				MTL_FAST_MATH = YES;
				ONLY_ACTIVE_ARCH = YES;
				SDKROOT = iphoneos;
				SWIFT_ACTIVE_COMPILATION_CONDITIONS = "DEBUG $(inherited)";
				SWIFT_OPTIMIZATION_LEVEL = "-Onone";
			};
			name = Debug;
		};
		C82039CD2B1CABE6000EEF61 /* Release */ = {
			isa = XCBuildConfiguration;
			buildSettings = {
				ALWAYS_SEARCH_USER_PATHS = NO;
				ASSETCATALOG_COMPILER_GENERATE_SWIFT_ASSET_SYMBOL_EXTENSIONS = YES;
				CLANG_ANALYZER_NONNULL = YES;
				CLANG_ANALYZER_NUMBER_OBJECT_CONVERSION = YES_AGGRESSIVE;
				CLANG_CXX_LANGUAGE_STANDARD = "gnu++20";
				CLANG_ENABLE_MODULES = YES;
				CLANG_ENABLE_OBJC_ARC = YES;
				CLANG_ENABLE_OBJC_WEAK = YES;
				CLANG_WARN_BLOCK_CAPTURE_AUTORELEASING = YES;
				CLANG_WARN_BOOL_CONVERSION = YES;
				CLANG_WARN_COMMA = YES;
				CLANG_WARN_CONSTANT_CONVERSION = YES;
				CLANG_WARN_DEPRECATED_OBJC_IMPLEMENTATIONS = YES;
				CLANG_WARN_DIRECT_OBJC_ISA_USAGE = YES_ERROR;
				CLANG_WARN_DOCUMENTATION_COMMENTS = YES;
				CLANG_WARN_EMPTY_BODY = YES;
				CLANG_WARN_ENUM_CONVERSION = YES;
				CLANG_WARN_INFINITE_RECURSION = YES;
				CLANG_WARN_INT_CONVERSION = YES;
				CLANG_WARN_NON_LITERAL_NULL_CONVERSION = YES;
				CLANG_WARN_OBJC_IMPLICIT_RETAIN_SELF = YES;
				CLANG_WARN_OBJC_LITERAL_CONVERSION = YES;
				CLANG_WARN_OBJC_ROOT_CLASS = YES_ERROR;
				CLANG_WARN_QUOTED_INCLUDE_IN_FRAMEWORK_HEADER = YES;
				CLANG_WARN_RANGE_LOOP_ANALYSIS = YES;
				CLANG_WARN_STRICT_PROTOTYPES = YES;
				CLANG_WARN_SUSPICIOUS_MOVE = YES;
				CLANG_WARN_UNGUARDED_AVAILABILITY = YES_AGGRESSIVE;
				CLANG_WARN_UNREACHABLE_CODE = YES;
				CLANG_WARN__DUPLICATE_METHOD_MATCH = YES;
				COPY_PHASE_STRIP = NO;
				DEBUG_INFORMATION_FORMAT = "dwarf-with-dsym";
				ENABLE_NS_ASSERTIONS = NO;
				ENABLE_STRICT_OBJC_MSGSEND = YES;
				ENABLE_USER_SCRIPT_SANDBOXING = YES;
				GCC_C_LANGUAGE_STANDARD = gnu17;
				GCC_NO_COMMON_BLOCKS = YES;
				GCC_WARN_64_TO_32_BIT_CONVERSION = YES;
				GCC_WARN_ABOUT_RETURN_TYPE = YES_ERROR;
				GCC_WARN_UNDECLARED_SELECTOR = YES;
				GCC_WARN_UNINITIALIZED_AUTOS = YES_AGGRESSIVE;
				GCC_WARN_UNUSED_FUNCTION = YES;
				GCC_WARN_UNUSED_VARIABLE = YES;
				IPHONEOS_DEPLOYMENT_TARGET = 17.0;
				LOCALIZATION_PREFERS_STRING_CATALOGS = YES;
				MTL_ENABLE_DEBUG_INFO = NO;
				MTL_FAST_MATH = YES;
				SDKROOT = iphoneos;
				SWIFT_COMPILATION_MODE = wholemodule;
				VALIDATE_PRODUCT = YES;
			};
			name = Release;
		};
		C82039CF2B1CABE6000EEF61 /* Debug */ = {
			isa = XCBuildConfiguration;
			buildSettings = {
				ASSETCATALOG_COMPILER_APPICON_NAME = AppIcon;
				ASSETCATALOG_COMPILER_GLOBAL_ACCENT_COLOR_NAME = AccentColor;
				CODE_SIGN_STYLE = Automatic;
				CURRENT_PROJECT_VERSION = 1;
				DEVELOPMENT_ASSET_PATHS = "\"PhayarSar/Preview Content\"";
				DEVELOPMENT_TEAM = 3LGZY3S9Q5;
				ENABLE_PREVIEWS = YES;
				GENERATE_INFOPLIST_FILE = YES;
				INFOPLIST_FILE = PhayarSar/Info.plist;
				INFOPLIST_KEY_UIApplicationSceneManifest_Generation = YES;
				INFOPLIST_KEY_UIApplicationSupportsIndirectInputEvents = YES;
				INFOPLIST_KEY_UILaunchScreen_Generation = YES;
				INFOPLIST_KEY_UISupportedInterfaceOrientations_iPad = "UIInterfaceOrientationPortrait UIInterfaceOrientationPortraitUpsideDown UIInterfaceOrientationLandscapeLeft UIInterfaceOrientationLandscapeRight";
				INFOPLIST_KEY_UISupportedInterfaceOrientations_iPhone = UIInterfaceOrientationPortrait;
				IPHONEOS_DEPLOYMENT_TARGET = 15.0;
				LD_RUNPATH_SEARCH_PATHS = (
					"$(inherited)",
					"@executable_path/Frameworks",
				);
				MARKETING_VERSION = 1.0;
				PRODUCT_BUNDLE_IDENTIFIER = com.kyaw.PhayarSar;
				PRODUCT_NAME = "$(TARGET_NAME)";
				SUPPORTED_PLATFORMS = "iphoneos iphonesimulator";
				SUPPORTS_MACCATALYST = NO;
				SUPPORTS_MAC_DESIGNED_FOR_IPHONE_IPAD = NO;
				SWIFT_EMIT_LOC_STRINGS = YES;
				SWIFT_VERSION = 5.0;
				TARGETED_DEVICE_FAMILY = 1;
			};
			name = Debug;
		};
		C82039D02B1CABE6000EEF61 /* Release */ = {
			isa = XCBuildConfiguration;
			buildSettings = {
				ASSETCATALOG_COMPILER_APPICON_NAME = AppIcon;
				ASSETCATALOG_COMPILER_GLOBAL_ACCENT_COLOR_NAME = AccentColor;
				CODE_SIGN_STYLE = Automatic;
				CURRENT_PROJECT_VERSION = 1;
				DEVELOPMENT_ASSET_PATHS = "\"PhayarSar/Preview Content\"";
				DEVELOPMENT_TEAM = 3LGZY3S9Q5;
				ENABLE_PREVIEWS = YES;
				GENERATE_INFOPLIST_FILE = YES;
				INFOPLIST_FILE = PhayarSar/Info.plist;
				INFOPLIST_KEY_UIApplicationSceneManifest_Generation = YES;
				INFOPLIST_KEY_UIApplicationSupportsIndirectInputEvents = YES;
				INFOPLIST_KEY_UILaunchScreen_Generation = YES;
				INFOPLIST_KEY_UISupportedInterfaceOrientations_iPad = "UIInterfaceOrientationPortrait UIInterfaceOrientationPortraitUpsideDown UIInterfaceOrientationLandscapeLeft UIInterfaceOrientationLandscapeRight";
				INFOPLIST_KEY_UISupportedInterfaceOrientations_iPhone = UIInterfaceOrientationPortrait;
				IPHONEOS_DEPLOYMENT_TARGET = 15.0;
				LD_RUNPATH_SEARCH_PATHS = (
					"$(inherited)",
					"@executable_path/Frameworks",
				);
				MARKETING_VERSION = 1.0;
				PRODUCT_BUNDLE_IDENTIFIER = com.kyaw.PhayarSar;
				PRODUCT_NAME = "$(TARGET_NAME)";
				SUPPORTED_PLATFORMS = "iphoneos iphonesimulator";
				SUPPORTS_MACCATALYST = NO;
				SUPPORTS_MAC_DESIGNED_FOR_IPHONE_IPAD = NO;
				SWIFT_EMIT_LOC_STRINGS = YES;
				SWIFT_VERSION = 5.0;
				TARGETED_DEVICE_FAMILY = 1;
			};
			name = Release;
		};
		C82039D22B1CABE6000EEF61 /* Debug */ = {
			isa = XCBuildConfiguration;
			buildSettings = {
				ALWAYS_EMBED_SWIFT_STANDARD_LIBRARIES = YES;
				BUNDLE_LOADER = "$(TEST_HOST)";
				CODE_SIGN_STYLE = Automatic;
				CURRENT_PROJECT_VERSION = 1;
				DEVELOPMENT_TEAM = 3LGZY3S9Q5;
				GENERATE_INFOPLIST_FILE = YES;
				IPHONEOS_DEPLOYMENT_TARGET = 17.0;
				MARKETING_VERSION = 1.0;
				PRODUCT_BUNDLE_IDENTIFIER = com.kyaw.PhayarSarTests;
				PRODUCT_NAME = "$(TARGET_NAME)";
				SWIFT_EMIT_LOC_STRINGS = NO;
				SWIFT_VERSION = 5.0;
				TARGETED_DEVICE_FAMILY = "1,2";
				TEST_HOST = "$(BUILT_PRODUCTS_DIR)/PhayarSar.app/$(BUNDLE_EXECUTABLE_FOLDER_PATH)/PhayarSar";
			};
			name = Debug;
		};
		C82039D32B1CABE6000EEF61 /* Release */ = {
			isa = XCBuildConfiguration;
			buildSettings = {
				ALWAYS_EMBED_SWIFT_STANDARD_LIBRARIES = YES;
				BUNDLE_LOADER = "$(TEST_HOST)";
				CODE_SIGN_STYLE = Automatic;
				CURRENT_PROJECT_VERSION = 1;
				DEVELOPMENT_TEAM = 3LGZY3S9Q5;
				GENERATE_INFOPLIST_FILE = YES;
				IPHONEOS_DEPLOYMENT_TARGET = 17.0;
				MARKETING_VERSION = 1.0;
				PRODUCT_BUNDLE_IDENTIFIER = com.kyaw.PhayarSarTests;
				PRODUCT_NAME = "$(TARGET_NAME)";
				SWIFT_EMIT_LOC_STRINGS = NO;
				SWIFT_VERSION = 5.0;
				TARGETED_DEVICE_FAMILY = "1,2";
				TEST_HOST = "$(BUILT_PRODUCTS_DIR)/PhayarSar.app/$(BUNDLE_EXECUTABLE_FOLDER_PATH)/PhayarSar";
			};
			name = Release;
		};
		C82039D52B1CABE6000EEF61 /* Debug */ = {
			isa = XCBuildConfiguration;
			buildSettings = {
				ALWAYS_EMBED_SWIFT_STANDARD_LIBRARIES = YES;
				CODE_SIGN_STYLE = Automatic;
				CURRENT_PROJECT_VERSION = 1;
				DEVELOPMENT_TEAM = 3LGZY3S9Q5;
				GENERATE_INFOPLIST_FILE = YES;
				MARKETING_VERSION = 1.0;
				PRODUCT_BUNDLE_IDENTIFIER = com.kyaw.PhayarSarUITests;
				PRODUCT_NAME = "$(TARGET_NAME)";
				SWIFT_EMIT_LOC_STRINGS = NO;
				SWIFT_VERSION = 5.0;
				TARGETED_DEVICE_FAMILY = "1,2";
				TEST_TARGET_NAME = PhayarSar;
			};
			name = Debug;
		};
		C82039D62B1CABE6000EEF61 /* Release */ = {
			isa = XCBuildConfiguration;
			buildSettings = {
				ALWAYS_EMBED_SWIFT_STANDARD_LIBRARIES = YES;
				CODE_SIGN_STYLE = Automatic;
				CURRENT_PROJECT_VERSION = 1;
				DEVELOPMENT_TEAM = 3LGZY3S9Q5;
				GENERATE_INFOPLIST_FILE = YES;
				MARKETING_VERSION = 1.0;
				PRODUCT_BUNDLE_IDENTIFIER = com.kyaw.PhayarSarUITests;
				PRODUCT_NAME = "$(TARGET_NAME)";
				SWIFT_EMIT_LOC_STRINGS = NO;
				SWIFT_VERSION = 5.0;
				TARGETED_DEVICE_FAMILY = "1,2";
				TEST_TARGET_NAME = PhayarSar;
			};
			name = Release;
		};
/* End XCBuildConfiguration section */

/* Begin XCConfigurationList section */
		C82039A52B1CABE4000EEF61 /* Build configuration list for PBXProject "PhayarSar" */ = {
			isa = XCConfigurationList;
			buildConfigurations = (
				C82039CC2B1CABE6000EEF61 /* Debug */,
				C82039CD2B1CABE6000EEF61 /* Release */,
			);
			defaultConfigurationIsVisible = 0;
			defaultConfigurationName = Release;
		};
		C82039CE2B1CABE6000EEF61 /* Build configuration list for PBXNativeTarget "PhayarSar" */ = {
			isa = XCConfigurationList;
			buildConfigurations = (
				C82039CF2B1CABE6000EEF61 /* Debug */,
				C82039D02B1CABE6000EEF61 /* Release */,
			);
			defaultConfigurationIsVisible = 0;
			defaultConfigurationName = Release;
		};
		C82039D12B1CABE6000EEF61 /* Build configuration list for PBXNativeTarget "PhayarSarTests" */ = {
			isa = XCConfigurationList;
			buildConfigurations = (
				C82039D22B1CABE6000EEF61 /* Debug */,
				C82039D32B1CABE6000EEF61 /* Release */,
			);
			defaultConfigurationIsVisible = 0;
			defaultConfigurationName = Release;
		};
		C82039D42B1CABE6000EEF61 /* Build configuration list for PBXNativeTarget "PhayarSarUITests" */ = {
			isa = XCConfigurationList;
			buildConfigurations = (
				C82039D52B1CABE6000EEF61 /* Debug */,
				C82039D62B1CABE6000EEF61 /* Release */,
			);
			defaultConfigurationIsVisible = 0;
			defaultConfigurationName = Release;
		};
/* End XCConfigurationList section */

/* Begin XCRemoteSwiftPackageReference section */
		C82039F02B1CCF13000EEF61 /* XCRemoteSwiftPackageReference "SwiftUIBackports" */ = {
			isa = XCRemoteSwiftPackageReference;
			repositoryURL = "https://github.com/shaps80/SwiftUIBackports.git";
			requirement = {
				kind = upToNextMajorVersion;
				minimumVersion = 2.8.0;
			};
		};
		C8CA45C02B41304100240DA7 /* XCRemoteSwiftPackageReference "swiftui-navigation-transitions" */ = {
			isa = XCRemoteSwiftPackageReference;
			repositoryURL = "https://github.com/davdroman/swiftui-navigation-transitions.git";
			requirement = {
				kind = upToNextMajorVersion;
				minimumVersion = 0.13.3;
			};
		};
		C8D730B72B46F74900D19D57 /* XCRemoteSwiftPackageReference "CompactSlider" */ = {
			isa = XCRemoteSwiftPackageReference;
			repositoryURL = "https://github.com/buh/CompactSlider.git";
			requirement = {
				kind = upToNextMajorVersion;
				minimumVersion = 1.1.5;
			};
		};
/* End XCRemoteSwiftPackageReference section */

/* Begin XCSwiftPackageProductDependency section */
		C82039F12B1CCF13000EEF61 /* SwiftUIBackports */ = {
			isa = XCSwiftPackageProductDependency;
			package = C82039F02B1CCF13000EEF61 /* XCRemoteSwiftPackageReference "SwiftUIBackports" */;
			productName = SwiftUIBackports;
		};
		C8CA45C12B41304100240DA7 /* NavigationTransitions */ = {
			isa = XCSwiftPackageProductDependency;
			package = C8CA45C02B41304100240DA7 /* XCRemoteSwiftPackageReference "swiftui-navigation-transitions" */;
			productName = NavigationTransitions;
		};
		C8D730B82B46F74900D19D57 /* CompactSlider */ = {
			isa = XCSwiftPackageProductDependency;
			package = C8D730B72B46F74900D19D57 /* XCRemoteSwiftPackageReference "CompactSlider" */;
			productName = CompactSlider;
		};
/* End XCSwiftPackageProductDependency section */
	};
	rootObject = C82039A22B1CABE4000EEF61 /* Project object */;
}
